// !$*UTF8*$!
{
	archiveVersion = 1;
	classes = {
	};
	objectVersion = 46;
	objects = {

/* Begin PBXBuildFile section */
		04B83644F3DAF87BB0077432 /* AgentChatView.swift in Sources */ = {isa = PBXBuildFile; fileRef = C5DE235436FC54D8CBCA0ED0 /* AgentChatView.swift */; };
		04D5F7D53D65A9C1C434500B /* FinanceModels.swift in Sources */ = {isa = PBXBuildFile; fileRef = 4FFB7B72398EFBE3259FE513 /* FinanceModels.swift */; };
		0923714E4E9ADEB02D16690D /* SettingsView.swift in Sources */ = {isa = PBXBuildFile; fileRef = B5F9101C7CE3C4E86876BDF3 /* SettingsView.swift */; };
		09D72BBBBFB89507A2D9469E /* SalesModels.swift in Sources */ = {isa = PBXBuildFile; fileRef = 580FAFCD787C2B17061AB167 /* SalesModels.swift */; };
		105F016DDFC6D896C6656E25 /* Foundation.framework in Frameworks */ = {isa = PBXBuildFile; fileRef = E339EF25959FE2AE01AF37E2 /* Foundation.framework */; };
		1121A923DF62D1C3A0CC957F /* APIClient.swift in Sources */ = {isa = PBXBuildFile; fileRef = 4C7448ACE4F3AB9AFB722B8D /* APIClient.swift */; };
		11E4A0CCFF88A801AA4CB0B1 /* Foundation.framework in Frameworks */ = {isa = PBXBuildFile; fileRef = E339EF25959FE2AE01AF37E2 /* Foundation.framework */; };
		139300F910AF23DD020B39AB /* SalesEditView.swift in Sources */ = {isa = PBXBuildFile; fileRef = 6C3C55A480CF783E7DAC31AC /* SalesEditView.swift */; };
		170F7EFA154D22EA925AFB50 /* InventoryAdjustView.swift in Sources */ = {isa = PBXBuildFile; fileRef = 3E68D9CEA9FFF4281E021ACE /* InventoryAdjustView.swift */; };
		22E1466A5E488816C0971E8B /* ProductModels.swift in Sources */ = {isa = PBXBuildFile; fileRef = 3DD40CBF46BCC62D2CB2DE94 /* ProductModels.swift */; };
		2348907E1076E46BF025715D /* StatusChip.swift in Sources */ = {isa = PBXBuildFile; fileRef = 41941BEC640F9DC84E8183F0 /* StatusChip.swift */; };
		23584D598AF8BA5D0A7884C6 /* AppEnvironment.swift in Sources */ = {isa = PBXBuildFile; fileRef = 8A9515D8231AB2DED22C2A09 /* AppEnvironment.swift */; };
		26158CE4DF930917C5BF6DC8 /* StoreModels.swift in Sources */ = {isa = PBXBuildFile; fileRef = 4917D16A6CDB909CC90C3AD0 /* StoreModels.swift */; };
		292DFDFE95F484AD0E8E9ECD /* FeatureShellView.swift in Sources */ = {isa = PBXBuildFile; fileRef = 7BFFEED1418B41BAEEAB166E /* FeatureShellView.swift */; };
		298932CE645D642CFB4A1BED /* LoadingStateView.swift in Sources */ = {isa = PBXBuildFile; fileRef = 96366C770A8FCD942DD4E166 /* LoadingStateView.swift */; };
		3743C3EA5ECF26B65912C74E /* ZhihuijiTheme.swift in Sources */ = {isa = PBXBuildFile; fileRef = 6AE089CC574B0E7C74DEC2EF /* ZhihuijiTheme.swift */; };
		409DACA56753A58D2080990A /* SalesListView.swift in Sources */ = {isa = PBXBuildFile; fileRef = 82B6D884C87C0EFD54B6F45A /* SalesListView.swift */; };
		41CF4BCB94CABCCDCE2BEA9F /* DashboardViewModel.swift in Sources */ = {isa = PBXBuildFile; fileRef = B695BE187DC9A42B69E5833C /* DashboardViewModel.swift */; };
		42855378403861BDAE28871B /* StaffManagementView.swift in Sources */ = {isa = PBXBuildFile; fileRef = 0F0D64B2C6DAE97B39890947 /* StaffManagementView.swift */; };
		497C5BFFE7F7C9029D87E1C0 /* PurchaseModels.swift in Sources */ = {isa = PBXBuildFile; fileRef = 5FC5E81A43B0D57D6C5D7882 /* PurchaseModels.swift */; };
		53F745CEFA1FBAEA06D31129 /* AppSession.swift in Sources */ = {isa = PBXBuildFile; fileRef = AB1965AB20033FB24040EA35 /* AppSession.swift */; };
		54BAF249481E6933F7E9CBC4 /* SalesPaymentView.swift in Sources */ = {isa = PBXBuildFile; fileRef = 39A6EEEB7C6A50E22D313593 /* SalesPaymentView.swift */; };
		56FED9A8316B9813DDC5EE39 /* AgentModels.swift in Sources */ = {isa = PBXBuildFile; fileRef = 82863F588C48E11E5E6F24BD /* AgentModels.swift */; };
		5B989B799CA833B9AD8B853F /* APIClientTests.swift in Sources */ = {isa = PBXBuildFile; fileRef = CCA9357BE434CEDC9105ABBE /* APIClientTests.swift */; };
		5CE0935E3BF21E27DCBD4F84 /* PartnerModels.swift in Sources */ = {isa = PBXBuildFile; fileRef = 4E7431346C4CC8F7E3018AF0 /* PartnerModels.swift */; };
		62E160E4FA73A35E28A8937C /* APIError.swift in Sources */ = {isa = PBXBuildFile; fileRef = 5474530EA9F18968F0686351 /* APIError.swift */; };
		64367B4E789502E1F0D3A96C /* APIEndpoint.swift in Sources */ = {isa = PBXBuildFile; fileRef = 4761E7C4C59CC9E7D708BEA6 /* APIEndpoint.swift */; };
		6568300C9BF1801B8768F2CF /* PurchaseListView.swift in Sources */ = {isa = PBXBuildFile; fileRef = B03DA30994AC8D8BDCD76375 /* PurchaseListView.swift */; };
		665FE3D7D3959EB0D8B8B4AB /* PayOrderDetailView.swift in Sources */ = {isa = PBXBuildFile; fileRef = 9A89325D4CDFD9A12D3DDB8B /* PayOrderDetailView.swift */; };
		688E48D24F08571C5831A95A /* ZhihuijiIOSApp.swift in Sources */ = {isa = PBXBuildFile; fileRef = C73993E58D3E23F196459C60 /* ZhihuijiIOSApp.swift */; };
		6AB94BE3EEC7593213C15AEF /* ViewStyles.swift in Sources */ = {isa = PBXBuildFile; fileRef = C858F619280273E06640F1A9 /* ViewStyles.swift */; };
		6FF5992AFA5A4013D4E39FAA /* PurchaseDetailView.swift in Sources */ = {isa = PBXBuildFile; fileRef = 4FC6D3D73DAAEE102B03BC71 /* PurchaseDetailView.swift */; };
		72CCDA3499A913599555C1E0 /* EntityID.swift in Sources */ = {isa = PBXBuildFile; fileRef = E04DD570EF3895EE278A8223 /* EntityID.swift */; };
		7459766B27D48F6CB7B73314 /* Permission.swift in Sources */ = {isa = PBXBuildFile; fileRef = 51E811A6408EE34380037BDC /* Permission.swift */; };
		7989A6B2E5EB8F64056A4315 /* AuthModels.swift in Sources */ = {isa = PBXBuildFile; fileRef = C537BC79DE23E93A21307D5D /* AuthModels.swift */; };
		832772D23B1A8EFE2C46D6CD /* PrimaryGlassButton.swift in Sources */ = {isa = PBXBuildFile; fileRef = 97922644BEC86ACDB5F4FF13 /* PrimaryGlassButton.swift */; };
		8647354C5736F2B4C118B264 /* DocumentsHomeView.swift in Sources */ = {isa = PBXBuildFile; fileRef = 7D60BFF1ECC9DB1758411161 /* DocumentsHomeView.swift */; };
		88417337B1207DFB3E4673A4 /* PurchaseReceiptView.swift in Sources */ = {isa = PBXBuildFile; fileRef = B750CC74C66BADC3BE09D2DD /* PurchaseReceiptView.swift */; };
		8B13A23C8E4757FBFD52CAB7 /* PurchaseEditView.swift in Sources */ = {isa = PBXBuildFile; fileRef = 5254810C61D61411208E3E75 /* PurchaseEditView.swift */; };
		9415656DF33AE8E7CF1A6F3F /* AgentViewModel.swift in Sources */ = {isa = PBXBuildFile; fileRef = BB9C07160C96659BA9E0C308 /* AgentViewModel.swift */; };
		95F222F4EC683085B9091F0C /* ProductDetailView.swift in Sources */ = {isa = PBXBuildFile; fileRef = B5072F2229B4C1FDC2E4A33D /* ProductDetailView.swift */; };
		9632FE56956ABE38F4087D6E /* InventoryModels.swift in Sources */ = {isa = PBXBuildFile; fileRef = 5B57A6A603D806808D3B99A0 /* InventoryModels.swift */; };
		973E27B3709A66FBC73E2687 /* MetricCard.swift in Sources */ = {isa = PBXBuildFile; fileRef = 1649C058DCCE6CAA138DE056 /* MetricCard.swift */; };
		A41E9EEAA09772448B629AAD /* ProductEditView.swift in Sources */ = {isa = PBXBuildFile; fileRef = 9639513CBD2BD35FF7C0C1D6 /* ProductEditView.swift */; };
		A5199803D1893C2655FF89F9 /* ProductListView.swift in Sources */ = {isa = PBXBuildFile; fileRef = 3BD6B74B957A4A6E9EA92937 /* ProductListView.swift */; };
		A7D8CFD4AD34E54AE06A084B /* SalesDetailView.swift in Sources */ = {isa = PBXBuildFile; fileRef = A975B877F1A14108C4DA3569 /* SalesDetailView.swift */; };
		AC4C366E454629BB7A06B3E4 /* ReportModels.swift in Sources */ = {isa = PBXBuildFile; fileRef = B2B0674587A9B76676193883 /* ReportModels.swift */; };
		AFF6B1C6985EC2594D35DC50 /* LoginViewModel.swift in Sources */ = {isa = PBXBuildFile; fileRef = 929D399692F517957870516D /* LoginViewModel.swift */; };
		B24D9FB315F6F7E4B5F250AE /* ModelDecodingTests.swift in Sources */ = {isa = PBXBuildFile; fileRef = 4CA68C2C20C25BA520595778 /* ModelDecodingTests.swift */; };
		B4DFBE6805F3A2049E0A5568 /* AuthTokenStore.swift in Sources */ = {isa = PBXBuildFile; fileRef = EF45A41DCDD9902DFA374246 /* AuthTokenStore.swift */; };
		BF15C7AE254764B803741FE5 /* EmptyStateView.swift in Sources */ = {isa = PBXBuildFile; fileRef = 0633B01F59CC71582482FCF3 /* EmptyStateView.swift */; };
		C3AE0F0CB81CA2A20260ED41 /* LoginView.swift in Sources */ = {isa = PBXBuildFile; fileRef = A32DE64D886359776FC7C343 /* LoginView.swift */; };
		CC30AB8A3F0CC480D0EDF37B /* InventorySnapshotView.swift in Sources */ = {isa = PBXBuildFile; fileRef = 12C5169E13568358A800F998 /* InventorySnapshotView.swift */; };
		D0E68F47710F4875E1D6A65D /* ReportsView.swift in Sources */ = {isa = PBXBuildFile; fileRef = 0A0A83EDA44700B785E8F8AA /* ReportsView.swift */; };
		D2093BE66A3CE523CDF8F41E /* DashboardView.swift in Sources */ = {isa = PBXBuildFile; fileRef = 2B9B14E4D0ECA8A871BC9DF1 /* DashboardView.swift */; };
		D54E32737BC79ACA04B7E00E /* AuthPermissionTests.swift in Sources */ = {isa = PBXBuildFile; fileRef = C2417CDE1D9D792BC56B9A46 /* AuthPermissionTests.swift */; };
		E46A1FCF0947FF0AE0225E96 /* PurchaseReturnView.swift in Sources */ = {isa = PBXBuildFile; fileRef = E58B5435E1B42BDF2F405060 /* PurchaseReturnView.swift */; };
		EB9C776572D065DDF87EFF3D /* FinanceRecordView.swift in Sources */ = {isa = PBXBuildFile; fileRef = 5F676E1474A11EF1E340BD53 /* FinanceRecordView.swift */; };
		F54E26D8DEE2840F4BF29613 /* SalesReturnView.swift in Sources */ = {isa = PBXBuildFile; fileRef = 96A23D520F499581265E1C92 /* SalesReturnView.swift */; };
		FC1B7DD40033E471D4DB367D /* AppRouter.swift in Sources */ = {isa = PBXBuildFile; fileRef = D460279707F7692E18EBA86C /* AppRouter.swift */; };
/* End PBXBuildFile section */

/* Begin PBXContainerItemProxy section */
		391231A64615F10FEFBD3261 /* PBXContainerItemProxy */ = {
			isa = PBXContainerItemProxy;
			containerPortal = AEA7AEDB20EA8193C4BC27BE /* Project object */;
			proxyType = 1;
			remoteGlobalIDString = 3BAC780E1446D60AF96C7F75;
			remoteInfo = ZhihuijiIOS;
		};
/* End PBXContainerItemProxy section */

/* Begin PBXFileReference section */
		0633B01F59CC71582482FCF3 /* EmptyStateView.swift */ = {isa = PBXFileReference; includeInIndex = 1; lastKnownFileType = sourcecode.swift; name = EmptyStateView.swift; path = ZhihuijiIOS/Core/Design/Components/EmptyStateView.swift; sourceTree = "<group>"; };
		0A0A83EDA44700B785E8F8AA /* ReportsView.swift */ = {isa = PBXFileReference; includeInIndex = 1; lastKnownFileType = sourcecode.swift; name = ReportsView.swift; path = ZhihuijiIOS/Features/Reports/ReportsView.swift; sourceTree = "<group>"; };
		0F0D64B2C6DAE97B39890947 /* StaffManagementView.swift */ = {isa = PBXFileReference; includeInIndex = 1; lastKnownFileType = sourcecode.swift; name = StaffManagementView.swift; path = ZhihuijiIOS/Features/Settings/StaffManagementView.swift; sourceTree = "<group>"; };
		12C5169E13568358A800F998 /* InventorySnapshotView.swift */ = {isa = PBXFileReference; includeInIndex = 1; lastKnownFileType = sourcecode.swift; name = InventorySnapshotView.swift; path = ZhihuijiIOS/Features/Inventory/InventorySnapshotView.swift; sourceTree = "<group>"; };
		1649C058DCCE6CAA138DE056 /* MetricCard.swift */ = {isa = PBXFileReference; includeInIndex = 1; lastKnownFileType = sourcecode.swift; name = MetricCard.swift; path = ZhihuijiIOS/Core/Design/Components/MetricCard.swift; sourceTree = "<group>"; };
		2A779791D70117899FB1D3D5 /* ZhihuijiIOS.app */ = {isa = PBXFileReference; explicitFileType = wrapper.application; includeInIndex = 0; path = ZhihuijiIOS.app; sourceTree = BUILT_PRODUCTS_DIR; };
		2B9B14E4D0ECA8A871BC9DF1 /* DashboardView.swift */ = {isa = PBXFileReference; includeInIndex = 1; lastKnownFileType = sourcecode.swift; name = DashboardView.swift; path = ZhihuijiIOS/Features/Dashboard/DashboardView.swift; sourceTree = "<group>"; };
		39A6EEEB7C6A50E22D313593 /* SalesPaymentView.swift */ = {isa = PBXFileReference; includeInIndex = 1; lastKnownFileType = sourcecode.swift; name = SalesPaymentView.swift; path = ZhihuijiIOS/Features/Sales/SalesPaymentView.swift; sourceTree = "<group>"; };
		3BD6B74B957A4A6E9EA92937 /* ProductListView.swift */ = {isa = PBXFileReference; includeInIndex = 1; lastKnownFileType = sourcecode.swift; name = ProductListView.swift; path = ZhihuijiIOS/Features/Products/ProductListView.swift; sourceTree = "<group>"; };
		3DD40CBF46BCC62D2CB2DE94 /* ProductModels.swift */ = {isa = PBXFileReference; includeInIndex = 1; lastKnownFileType = sourcecode.swift; name = ProductModels.swift; path = ZhihuijiIOS/Core/Models/ProductModels.swift; sourceTree = "<group>"; };
		3E68D9CEA9FFF4281E021ACE /* InventoryAdjustView.swift */ = {isa = PBXFileReference; includeInIndex = 1; lastKnownFileType = sourcecode.swift; name = InventoryAdjustView.swift; path = ZhihuijiIOS/Features/Inventory/InventoryAdjustView.swift; sourceTree = "<group>"; };
		41941BEC640F9DC84E8183F0 /* StatusChip.swift */ = {isa = PBXFileReference; includeInIndex = 1; lastKnownFileType = sourcecode.swift; name = StatusChip.swift; path = ZhihuijiIOS/Core/Design/Components/StatusChip.swift; sourceTree = "<group>"; };
		4761E7C4C59CC9E7D708BEA6 /* APIEndpoint.swift */ = {isa = PBXFileReference; includeInIndex = 1; lastKnownFileType = sourcecode.swift; name = APIEndpoint.swift; path = ZhihuijiIOS/Core/API/APIEndpoint.swift; sourceTree = "<group>"; };
		4917D16A6CDB909CC90C3AD0 /* StoreModels.swift */ = {isa = PBXFileReference; includeInIndex = 1; lastKnownFileType = sourcecode.swift; name = StoreModels.swift; path = ZhihuijiIOS/Core/Models/StoreModels.swift; sourceTree = "<group>"; };
		4C7448ACE4F3AB9AFB722B8D /* APIClient.swift */ = {isa = PBXFileReference; includeInIndex = 1; lastKnownFileType = sourcecode.swift; name = APIClient.swift; path = ZhihuijiIOS/Core/API/APIClient.swift; sourceTree = "<group>"; };
		4CA68C2C20C25BA520595778 /* ModelDecodingTests.swift */ = {isa = PBXFileReference; includeInIndex = 1; lastKnownFileType = sourcecode.swift; name = ModelDecodingTests.swift; path = ZhihuijiIOSTests/ModelDecodingTests.swift; sourceTree = "<group>"; };
		4E7431346C4CC8F7E3018AF0 /* PartnerModels.swift */ = {isa = PBXFileReference; includeInIndex = 1; lastKnownFileType = sourcecode.swift; name = PartnerModels.swift; path = ZhihuijiIOS/Core/Models/PartnerModels.swift; sourceTree = "<group>"; };
		4FC6D3D73DAAEE102B03BC71 /* PurchaseDetailView.swift */ = {isa = PBXFileReference; includeInIndex = 1; lastKnownFileType = sourcecode.swift; name = PurchaseDetailView.swift; path = ZhihuijiIOS/Features/Purchases/PurchaseDetailView.swift; sourceTree = "<group>"; };
		4FFB7B72398EFBE3259FE513 /* FinanceModels.swift */ = {isa = PBXFileReference; includeInIndex = 1; lastKnownFileType = sourcecode.swift; name = FinanceModels.swift; path = ZhihuijiIOS/Core/Models/FinanceModels.swift; sourceTree = "<group>"; };
		51E811A6408EE34380037BDC /* Permission.swift */ = {isa = PBXFileReference; includeInIndex = 1; lastKnownFileType = sourcecode.swift; name = Permission.swift; path = ZhihuijiIOS/Core/Auth/Permission.swift; sourceTree = "<group>"; };
		5254810C61D61411208E3E75 /* PurchaseEditView.swift */ = {isa = PBXFileReference; includeInIndex = 1; lastKnownFileType = sourcecode.swift; name = PurchaseEditView.swift; path = ZhihuijiIOS/Features/Purchases/PurchaseEditView.swift; sourceTree = "<group>"; };
		5474530EA9F18968F0686351 /* APIError.swift */ = {isa = PBXFileReference; includeInIndex = 1; lastKnownFileType = sourcecode.swift; name = APIError.swift; path = ZhihuijiIOS/Core/API/APIError.swift; sourceTree = "<group>"; };
		580FAFCD787C2B17061AB167 /* SalesModels.swift */ = {isa = PBXFileReference; includeInIndex = 1; lastKnownFileType = sourcecode.swift; name = SalesModels.swift; path = ZhihuijiIOS/Core/Models/SalesModels.swift; sourceTree = "<group>"; };
		5B57A6A603D806808D3B99A0 /* InventoryModels.swift */ = {isa = PBXFileReference; includeInIndex = 1; lastKnownFileType = sourcecode.swift; name = InventoryModels.swift; path = ZhihuijiIOS/Core/Models/InventoryModels.swift; sourceTree = "<group>"; };
		5F676E1474A11EF1E340BD53 /* FinanceRecordView.swift */ = {isa = PBXFileReference; includeInIndex = 1; lastKnownFileType = sourcecode.swift; name = FinanceRecordView.swift; path = ZhihuijiIOS/Features/Finance/FinanceRecordView.swift; sourceTree = "<group>"; };
		5FC5E81A43B0D57D6C5D7882 /* PurchaseModels.swift */ = {isa = PBXFileReference; includeInIndex = 1; lastKnownFileType = sourcecode.swift; name = PurchaseModels.swift; path = ZhihuijiIOS/Core/Models/PurchaseModels.swift; sourceTree = "<group>"; };
		6AE089CC574B0E7C74DEC2EF /* ZhihuijiTheme.swift */ = {isa = PBXFileReference; includeInIndex = 1; lastKnownFileType = sourcecode.swift; name = ZhihuijiTheme.swift; path = ZhihuijiIOS/Core/Design/ZhihuijiTheme.swift; sourceTree = "<group>"; };
		6C3C55A480CF783E7DAC31AC /* SalesEditView.swift */ = {isa = PBXFileReference; includeInIndex = 1; lastKnownFileType = sourcecode.swift; name = SalesEditView.swift; path = ZhihuijiIOS/Features/Sales/SalesEditView.swift; sourceTree = "<group>"; };
		7BFFEED1418B41BAEEAB166E /* FeatureShellView.swift */ = {isa = PBXFileReference; includeInIndex = 1; lastKnownFileType = sourcecode.swift; name = FeatureShellView.swift; path = ZhihuijiIOS/Features/FeatureShellView.swift; sourceTree = "<group>"; };
		7D60BFF1ECC9DB1758411161 /* DocumentsHomeView.swift */ = {isa = PBXFileReference; includeInIndex = 1; lastKnownFileType = sourcecode.swift; name = DocumentsHomeView.swift; path = ZhihuijiIOS/Features/DocumentsHomeView.swift; sourceTree = "<group>"; };
		82863F588C48E11E5E6F24BD /* AgentModels.swift */ = {isa = PBXFileReference; includeInIndex = 1; lastKnownFileType = sourcecode.swift; name = AgentModels.swift; path = ZhihuijiIOS/Core/Models/AgentModels.swift; sourceTree = "<group>"; };
		82B6D884C87C0EFD54B6F45A /* SalesListView.swift */ = {isa = PBXFileReference; includeInIndex = 1; lastKnownFileType = sourcecode.swift; name = SalesListView.swift; path = ZhihuijiIOS/Features/Sales/SalesListView.swift; sourceTree = "<group>"; };
		8A9515D8231AB2DED22C2A09 /* AppEnvironment.swift */ = {isa = PBXFileReference; includeInIndex = 1; lastKnownFileType = sourcecode.swift; name = AppEnvironment.swift; path = ZhihuijiIOS/App/AppEnvironment.swift; sourceTree = "<group>"; };
		929D399692F517957870516D /* LoginViewModel.swift */ = {isa = PBXFileReference; includeInIndex = 1; lastKnownFileType = sourcecode.swift; name = LoginViewModel.swift; path = ZhihuijiIOS/Features/Auth/LoginViewModel.swift; sourceTree = "<group>"; };
		96366C770A8FCD942DD4E166 /* LoadingStateView.swift */ = {isa = PBXFileReference; includeInIndex = 1; lastKnownFileType = sourcecode.swift; name = LoadingStateView.swift; path = ZhihuijiIOS/Core/Design/Components/LoadingStateView.swift; sourceTree = "<group>"; };
		9639513CBD2BD35FF7C0C1D6 /* ProductEditView.swift */ = {isa = PBXFileReference; includeInIndex = 1; lastKnownFileType = sourcecode.swift; name = ProductEditView.swift; path = ZhihuijiIOS/Features/Products/ProductEditView.swift; sourceTree = "<group>"; };
		96A23D520F499581265E1C92 /* SalesReturnView.swift */ = {isa = PBXFileReference; includeInIndex = 1; lastKnownFileType = sourcecode.swift; name = SalesReturnView.swift; path = ZhihuijiIOS/Features/Sales/SalesReturnView.swift; sourceTree = "<group>"; };
		97922644BEC86ACDB5F4FF13 /* PrimaryGlassButton.swift */ = {isa = PBXFileReference; includeInIndex = 1; lastKnownFileType = sourcecode.swift; name = PrimaryGlassButton.swift; path = ZhihuijiIOS/Core/Design/Components/PrimaryGlassButton.swift; sourceTree = "<group>"; };
		9A89325D4CDFD9A12D3DDB8B /* PayOrderDetailView.swift */ = {isa = PBXFileReference; includeInIndex = 1; lastKnownFileType = sourcecode.swift; name = PayOrderDetailView.swift; path = ZhihuijiIOS/Features/Finance/PayOrderDetailView.swift; sourceTree = "<group>"; };
		A32DE64D886359776FC7C343 /* LoginView.swift */ = {isa = PBXFileReference; includeInIndex = 1; lastKnownFileType = sourcecode.swift; name = LoginView.swift; path = ZhihuijiIOS/Features/Auth/LoginView.swift; sourceTree = "<group>"; };
		A975B877F1A14108C4DA3569 /* SalesDetailView.swift */ = {isa = PBXFileReference; includeInIndex = 1; lastKnownFileType = sourcecode.swift; name = SalesDetailView.swift; path = ZhihuijiIOS/Features/Sales/SalesDetailView.swift; sourceTree = "<group>"; };
		AB1965AB20033FB24040EA35 /* AppSession.swift */ = {isa = PBXFileReference; includeInIndex = 1; lastKnownFileType = sourcecode.swift; name = AppSession.swift; path = ZhihuijiIOS/App/AppSession.swift; sourceTree = "<group>"; };
		B03DA30994AC8D8BDCD76375 /* PurchaseListView.swift */ = {isa = PBXFileReference; includeInIndex = 1; lastKnownFileType = sourcecode.swift; name = PurchaseListView.swift; path = ZhihuijiIOS/Features/Purchases/PurchaseListView.swift; sourceTree = "<group>"; };
		B2B0674587A9B76676193883 /* ReportModels.swift */ = {isa = PBXFileReference; includeInIndex = 1; lastKnownFileType = sourcecode.swift; name = ReportModels.swift; path = ZhihuijiIOS/Core/Models/ReportModels.swift; sourceTree = "<group>"; };
		B334DCD2B597DC08512C6C15 /* ZhihuijiIOSTests.xctest */ = {isa = PBXFileReference; explicitFileType = wrapper.cfbundle; includeInIndex = 0; path = ZhihuijiIOSTests.xctest; sourceTree = BUILT_PRODUCTS_DIR; };
		B5072F2229B4C1FDC2E4A33D /* ProductDetailView.swift */ = {isa = PBXFileReference; includeInIndex = 1; lastKnownFileType = sourcecode.swift; name = ProductDetailView.swift; path = ZhihuijiIOS/Features/Products/ProductDetailView.swift; sourceTree = "<group>"; };
		B5F9101C7CE3C4E86876BDF3 /* SettingsView.swift */ = {isa = PBXFileReference; includeInIndex = 1; lastKnownFileType = sourcecode.swift; name = SettingsView.swift; path = ZhihuijiIOS/Features/Settings/SettingsView.swift; sourceTree = "<group>"; };
		B695BE187DC9A42B69E5833C /* DashboardViewModel.swift */ = {isa = PBXFileReference; includeInIndex = 1; lastKnownFileType = sourcecode.swift; name = DashboardViewModel.swift; path = ZhihuijiIOS/Features/Dashboard/DashboardViewModel.swift; sourceTree = "<group>"; };
		B750CC74C66BADC3BE09D2DD /* PurchaseReceiptView.swift */ = {isa = PBXFileReference; includeInIndex = 1; lastKnownFileType = sourcecode.swift; name = PurchaseReceiptView.swift; path = ZhihuijiIOS/Features/Purchases/PurchaseReceiptView.swift; sourceTree = "<group>"; };
		BB9C07160C96659BA9E0C308 /* AgentViewModel.swift */ = {isa = PBXFileReference; includeInIndex = 1; lastKnownFileType = sourcecode.swift; name = AgentViewModel.swift; path = ZhihuijiIOS/Features/Agent/AgentViewModel.swift; sourceTree = "<group>"; };
		C2417CDE1D9D792BC56B9A46 /* AuthPermissionTests.swift */ = {isa = PBXFileReference; includeInIndex = 1; lastKnownFileType = sourcecode.swift; name = AuthPermissionTests.swift; path = ZhihuijiIOSTests/AuthPermissionTests.swift; sourceTree = "<group>"; };
		C537BC79DE23E93A21307D5D /* AuthModels.swift */ = {isa = PBXFileReference; includeInIndex = 1; lastKnownFileType = sourcecode.swift; name = AuthModels.swift; path = ZhihuijiIOS/Core/Auth/AuthModels.swift; sourceTree = "<group>"; };
		C5DE235436FC54D8CBCA0ED0 /* AgentChatView.swift */ = {isa = PBXFileReference; includeInIndex = 1; lastKnownFileType = sourcecode.swift; name = AgentChatView.swift; path = ZhihuijiIOS/Features/Agent/AgentChatView.swift; sourceTree = "<group>"; };
		C73993E58D3E23F196459C60 /* ZhihuijiIOSApp.swift */ = {isa = PBXFileReference; includeInIndex = 1; lastKnownFileType = sourcecode.swift; name = ZhihuijiIOSApp.swift; path = ZhihuijiIOS/ZhihuijiIOSApp.swift; sourceTree = "<group>"; };
		C858F619280273E06640F1A9 /* ViewStyles.swift */ = {isa = PBXFileReference; includeInIndex = 1; lastKnownFileType = sourcecode.swift; name = ViewStyles.swift; path = ZhihuijiIOS/Core/Design/Components/ViewStyles.swift; sourceTree = "<group>"; };
		CCA9357BE434CEDC9105ABBE /* APIClientTests.swift */ = {isa = PBXFileReference; includeInIndex = 1; lastKnownFileType = sourcecode.swift; name = APIClientTests.swift; path = ZhihuijiIOSTests/APIClientTests.swift; sourceTree = "<group>"; };
		D460279707F7692E18EBA86C /* AppRouter.swift */ = {isa = PBXFileReference; includeInIndex = 1; lastKnownFileType = sourcecode.swift; name = AppRouter.swift; path = ZhihuijiIOS/App/AppRouter.swift; sourceTree = "<group>"; };
		E04DD570EF3895EE278A8223 /* EntityID.swift */ = {isa = PBXFileReference; includeInIndex = 1; lastKnownFileType = sourcecode.swift; name = EntityID.swift; path = ZhihuijiIOS/Core/Models/EntityID.swift; sourceTree = "<group>"; };
		E339EF25959FE2AE01AF37E2 /* Foundation.framework */ = {isa = PBXFileReference; lastKnownFileType = wrapper.framework; name = Foundation.framework; path = Platforms/iPhoneOS.platform/Developer/SDKs/iPhoneOS18.0.sdk/System/Library/Frameworks/Foundation.framework; sourceTree = DEVELOPER_DIR; };
		E58B5435E1B42BDF2F405060 /* PurchaseReturnView.swift */ = {isa = PBXFileReference; includeInIndex = 1; lastKnownFileType = sourcecode.swift; name = PurchaseReturnView.swift; path = ZhihuijiIOS/Features/Purchases/PurchaseReturnView.swift; sourceTree = "<group>"; };
		EF45A41DCDD9902DFA374246 /* AuthTokenStore.swift */ = {isa = PBXFileReference; includeInIndex = 1; lastKnownFileType = sourcecode.swift; name = AuthTokenStore.swift; path = ZhihuijiIOS/Core/Auth/AuthTokenStore.swift; sourceTree = "<group>"; };
/* End PBXFileReference section */

/* Begin PBXFrameworksBuildPhase section */
		0EFC3CA53F8B3939258DB762 /* Frameworks */ = {
			isa = PBXFrameworksBuildPhase;
			buildActionMask = 2147483647;
			files = (
				11E4A0CCFF88A801AA4CB0B1 /* Foundation.framework in Frameworks */,
			);
			runOnlyForDeploymentPostprocessing = 0;
		};
		BC4DF13CA0A9C9E5A6A33141 /* Frameworks */ = {
			isa = PBXFrameworksBuildPhase;
			buildActionMask = 2147483647;
			files = (
				105F016DDFC6D896C6656E25 /* Foundation.framework in Frameworks */,
			);
			runOnlyForDeploymentPostprocessing = 0;
		};
/* End PBXFrameworksBuildPhase section */

/* Begin PBXGroup section */
		2065767277AAD6E3F4BC9133 /* Frameworks */ = {
			isa = PBXGroup;
			children = (
				4BFBC74D8F1271AC4BE023EF /* iOS */,
			);
			name = Frameworks;
			sourceTree = "<group>";
		};
		4BFBC74D8F1271AC4BE023EF /* iOS */ = {
			isa = PBXGroup;
			children = (
				E339EF25959FE2AE01AF37E2 /* Foundation.framework */,
			);
			name = iOS;
			sourceTree = "<group>";
		};
		8FB9D9FC8E11D1B2C070DEFA /* Products */ = {
			isa = PBXGroup;
			children = (
				2A779791D70117899FB1D3D5 /* ZhihuijiIOS.app */,
				B334DCD2B597DC08512C6C15 /* ZhihuijiIOSTests.xctest */,
			);
			name = Products;
			sourceTree = "<group>";
		};
		B430F412913F9CEB8BCEE2C6 = {
			isa = PBXGroup;
			children = (
				8FB9D9FC8E11D1B2C070DEFA /* Products */,
				2065767277AAD6E3F4BC9133 /* Frameworks */,
				D19B815BC417EFC33B2E62E0 /* ios */,
			);
			sourceTree = "<group>";
		};
		D19B815BC417EFC33B2E62E0 /* ios */ = {
			isa = PBXGroup;
			children = (
				8A9515D8231AB2DED22C2A09 /* AppEnvironment.swift */,
				D460279707F7692E18EBA86C /* AppRouter.swift */,
				AB1965AB20033FB24040EA35 /* AppSession.swift */,
				4C7448ACE4F3AB9AFB722B8D /* APIClient.swift */,
				4761E7C4C59CC9E7D708BEA6 /* APIEndpoint.swift */,
				5474530EA9F18968F0686351 /* APIError.swift */,
				C537BC79DE23E93A21307D5D /* AuthModels.swift */,
				EF45A41DCDD9902DFA374246 /* AuthTokenStore.swift */,
				51E811A6408EE34380037BDC /* Permission.swift */,
				0633B01F59CC71582482FCF3 /* EmptyStateView.swift */,
				96366C770A8FCD942DD4E166 /* LoadingStateView.swift */,
				1649C058DCCE6CAA138DE056 /* MetricCard.swift */,
				97922644BEC86ACDB5F4FF13 /* PrimaryGlassButton.swift */,
				41941BEC640F9DC84E8183F0 /* StatusChip.swift */,
				C858F619280273E06640F1A9 /* ViewStyles.swift */,
				6AE089CC574B0E7C74DEC2EF /* ZhihuijiTheme.swift */,
				82863F588C48E11E5E6F24BD /* AgentModels.swift */,
				E04DD570EF3895EE278A8223 /* EntityID.swift */,
				4FFB7B72398EFBE3259FE513 /* FinanceModels.swift */,
				5B57A6A603D806808D3B99A0 /* InventoryModels.swift */,
				4E7431346C4CC8F7E3018AF0 /* PartnerModels.swift */,
				3DD40CBF46BCC62D2CB2DE94 /* ProductModels.swift */,
				5FC5E81A43B0D57D6C5D7882 /* PurchaseModels.swift */,
				B2B0674587A9B76676193883 /* ReportModels.swift */,
				580FAFCD787C2B17061AB167 /* SalesModels.swift */,
				4917D16A6CDB909CC90C3AD0 /* StoreModels.swift */,
				C5DE235436FC54D8CBCA0ED0 /* AgentChatView.swift */,
				BB9C07160C96659BA9E0C308 /* AgentViewModel.swift */,
				A32DE64D886359776FC7C343 /* LoginView.swift */,
				929D399692F517957870516D /* LoginViewModel.swift */,
				2B9B14E4D0ECA8A871BC9DF1 /* DashboardView.swift */,
				B695BE187DC9A42B69E5833C /* DashboardViewModel.swift */,
				7D60BFF1ECC9DB1758411161 /* DocumentsHomeView.swift */,
				7BFFEED1418B41BAEEAB166E /* FeatureShellView.swift */,
				5F676E1474A11EF1E340BD53 /* FinanceRecordView.swift */,
				9A89325D4CDFD9A12D3DDB8B /* PayOrderDetailView.swift */,
				3E68D9CEA9FFF4281E021ACE /* InventoryAdjustView.swift */,
				12C5169E13568358A800F998 /* InventorySnapshotView.swift */,
				B5072F2229B4C1FDC2E4A33D /* ProductDetailView.swift */,
				9639513CBD2BD35FF7C0C1D6 /* ProductEditView.swift */,
				3BD6B74B957A4A6E9EA92937 /* ProductListView.swift */,
				4FC6D3D73DAAEE102B03BC71 /* PurchaseDetailView.swift */,
				5254810C61D61411208E3E75 /* PurchaseEditView.swift */,
				B03DA30994AC8D8BDCD76375 /* PurchaseListView.swift */,
				B750CC74C66BADC3BE09D2DD /* PurchaseReceiptView.swift */,
				E58B5435E1B42BDF2F405060 /* PurchaseReturnView.swift */,
				0A0A83EDA44700B785E8F8AA /* ReportsView.swift */,
				A975B877F1A14108C4DA3569 /* SalesDetailView.swift */,
				6C3C55A480CF783E7DAC31AC /* SalesEditView.swift */,
				82B6D884C87C0EFD54B6F45A /* SalesListView.swift */,
				39A6EEEB7C6A50E22D313593 /* SalesPaymentView.swift */,
				96A23D520F499581265E1C92 /* SalesReturnView.swift */,
				B5F9101C7CE3C4E86876BDF3 /* SettingsView.swift */,
				0F0D64B2C6DAE97B39890947 /* StaffManagementView.swift */,
				C73993E58D3E23F196459C60 /* ZhihuijiIOSApp.swift */,
				CCA9357BE434CEDC9105ABBE /* APIClientTests.swift */,
				C2417CDE1D9D792BC56B9A46 /* AuthPermissionTests.swift */,
				4CA68C2C20C25BA520595778 /* ModelDecodingTests.swift */,
			);
			name = ios;
			sourceTree = "<group>";
		};
/* End PBXGroup section */

/* Begin PBXNativeTarget section */
		3BAC780E1446D60AF96C7F75 /* ZhihuijiIOS */ = {
			isa = PBXNativeTarget;
			buildConfigurationList = 5A0BF168371A386D84E3BCAB /* Build configuration list for PBXNativeTarget "ZhihuijiIOS" */;
			buildPhases = (
				754072FF2639ADB2F5B097D3 /* Sources */,
				BC4DF13CA0A9C9E5A6A33141 /* Frameworks */,
				8C6DC4D761C32E3381C6B83E /* Resources */,
			);
			buildRules = (
			);
			dependencies = (
			);
			name = ZhihuijiIOS;
			productName = ZhihuijiIOS;
			productReference = 2A779791D70117899FB1D3D5 /* ZhihuijiIOS.app */;
			productType = "com.apple.product-type.application";
		};
		965D8F0E7E4FF7F0F96C9DAC /* ZhihuijiIOSTests */ = {
			isa = PBXNativeTarget;
			buildConfigurationList = B6913541511AEAE0FBA71FAC /* Build configuration list for PBXNativeTarget "ZhihuijiIOSTests" */;
			buildPhases = (
				90EFC38BBA22AA27DA6B046F /* Sources */,
				0EFC3CA53F8B3939258DB762 /* Frameworks */,
				345CE35F7D408A99C1B3BF7D /* Resources */,
			);
			buildRules = (
			);
			dependencies = (
				2389AC7E5C00AE2E8B165EBF /* PBXTargetDependency */,
			);
			name = ZhihuijiIOSTests;
			productName = ZhihuijiIOSTests;
			productReference = B334DCD2B597DC08512C6C15 /* ZhihuijiIOSTests.xctest */;
			productType = "com.apple.product-type.bundle.unit-test";
		};
/* End PBXNativeTarget section */

/* Begin PBXProject section */
		AEA7AEDB20EA8193C4BC27BE /* Project object */ = {
			isa = PBXProject;
			attributes = {
				LastSwiftUpdateCheck = 1600;
				LastUpgradeCheck = 1600;
			};
			buildConfigurationList = 10B1A77994D522BCC44DE157 /* Build configuration list for PBXProject "ZhihuijiIOS" */;
			compatibilityVersion = "Xcode 3.2";
			developmentRegion = en;
			hasScannedForEncodings = 0;
			knownRegions = (
				en,
				Base,
			);
			mainGroup = B430F412913F9CEB8BCEE2C6;
			minimizedProjectReferenceProxies = 0;
			preferredProjectObjectVersion = 77;
			productRefGroup = 8FB9D9FC8E11D1B2C070DEFA /* Products */;
			projectDirPath = "";
			projectRoot = "";
			targets = (
				3BAC780E1446D60AF96C7F75 /* ZhihuijiIOS */,
				965D8F0E7E4FF7F0F96C9DAC /* ZhihuijiIOSTests */,
			);
		};
/* End PBXProject section */

/* Begin PBXResourcesBuildPhase section */
		345CE35F7D408A99C1B3BF7D /* Resources */ = {
			isa = PBXResourcesBuildPhase;
			buildActionMask = 2147483647;
			files = (
			);
			runOnlyForDeploymentPostprocessing = 0;
		};
		8C6DC4D761C32E3381C6B83E /* Resources */ = {
			isa = PBXResourcesBuildPhase;
			buildActionMask = 2147483647;
			files = (
			);
			runOnlyForDeploymentPostprocessing = 0;
		};
/* End PBXResourcesBuildPhase section */

/* Begin PBXSourcesBuildPhase section */
		754072FF2639ADB2F5B097D3 /* Sources */ = {
			isa = PBXSourcesBuildPhase;
			buildActionMask = 2147483647;
			files = (
				23584D598AF8BA5D0A7884C6 /* AppEnvironment.swift in Sources */,
				FC1B7DD40033E471D4DB367D /* AppRouter.swift in Sources */,
				53F745CEFA1FBAEA06D31129 /* AppSession.swift in Sources */,
				1121A923DF62D1C3A0CC957F /* APIClient.swift in Sources */,
				64367B4E789502E1F0D3A96C /* APIEndpoint.swift in Sources */,
				62E160E4FA73A35E28A8937C /* APIError.swift in Sources */,
				7989A6B2E5EB8F64056A4315 /* AuthModels.swift in Sources */,
				B4DFBE6805F3A2049E0A5568 /* AuthTokenStore.swift in Sources */,
				7459766B27D48F6CB7B73314 /* Permission.swift in Sources */,
				BF15C7AE254764B803741FE5 /* EmptyStateView.swift in Sources */,
				298932CE645D642CFB4A1BED /* LoadingStateView.swift in Sources */,
				973E27B3709A66FBC73E2687 /* MetricCard.swift in Sources */,
				832772D23B1A8EFE2C46D6CD /* PrimaryGlassButton.swift in Sources */,
				2348907E1076E46BF025715D /* StatusChip.swift in Sources */,
				6AB94BE3EEC7593213C15AEF /* ViewStyles.swift in Sources */,
				3743C3EA5ECF26B65912C74E /* ZhihuijiTheme.swift in Sources */,
				56FED9A8316B9813DDC5EE39 /* AgentModels.swift in Sources */,
				72CCDA3499A913599555C1E0 /* EntityID.swift in Sources */,
				04D5F7D53D65A9C1C434500B /* FinanceModels.swift in Sources */,
				9632FE56956ABE38F4087D6E /* InventoryModels.swift in Sources */,
				5CE0935E3BF21E27DCBD4F84 /* PartnerModels.swift in Sources */,
				22E1466A5E488816C0971E8B /* ProductModels.swift in Sources */,
				497C5BFFE7F7C9029D87E1C0 /* PurchaseModels.swift in Sources */,
				AC4C366E454629BB7A06B3E4 /* ReportModels.swift in Sources */,
				09D72BBBBFB89507A2D9469E /* SalesModels.swift in Sources */,
				26158CE4DF930917C5BF6DC8 /* StoreModels.swift in Sources */,
				04B83644F3DAF87BB0077432 /* AgentChatView.swift in Sources */,
				9415656DF33AE8E7CF1A6F3F /* AgentViewModel.swift in Sources */,
				C3AE0F0CB81CA2A20260ED41 /* LoginView.swift in Sources */,
				AFF6B1C6985EC2594D35DC50 /* LoginViewModel.swift in Sources */,
				D2093BE66A3CE523CDF8F41E /* DashboardView.swift in Sources */,
				41CF4BCB94CABCCDCE2BEA9F /* DashboardViewModel.swift in Sources */,
				8647354C5736F2B4C118B264 /* DocumentsHomeView.swift in Sources */,
				292DFDFE95F484AD0E8E9ECD /* FeatureShellView.swift in Sources */,
				EB9C776572D065DDF87EFF3D /* FinanceRecordView.swift in Sources */,
				665FE3D7D3959EB0D8B8B4AB /* PayOrderDetailView.swift in Sources */,
				170F7EFA154D22EA925AFB50 /* InventoryAdjustView.swift in Sources */,
				CC30AB8A3F0CC480D0EDF37B /* InventorySnapshotView.swift in Sources */,
				95F222F4EC683085B9091F0C /* ProductDetailView.swift in Sources */,
				A41E9EEAA09772448B629AAD /* ProductEditView.swift in Sources */,
				A5199803D1893C2655FF89F9 /* ProductListView.swift in Sources */,
				6FF5992AFA5A4013D4E39FAA /* PurchaseDetailView.swift in Sources */,
				8B13A23C8E4757FBFD52CAB7 /* PurchaseEditView.swift in Sources */,
				6568300C9BF1801B8768F2CF /* PurchaseListView.swift in Sources */,
				88417337B1207DFB3E4673A4 /* PurchaseReceiptView.swift in Sources */,
				E46A1FCF0947FF0AE0225E96 /* PurchaseReturnView.swift in Sources */,
				D0E68F47710F4875E1D6A65D /* ReportsView.swift in Sources */,
				A7D8CFD4AD34E54AE06A084B /* SalesDetailView.swift in Sources */,
				139300F910AF23DD020B39AB /* SalesEditView.swift in Sources */,
				409DACA56753A58D2080990A /* SalesListView.swift in Sources */,
				54BAF249481E6933F7E9CBC4 /* SalesPaymentView.swift in Sources */,
				F54E26D8DEE2840F4BF29613 /* SalesReturnView.swift in Sources */,
				0923714E4E9ADEB02D16690D /* SettingsView.swift in Sources */,
				42855378403861BDAE28871B /* StaffManagementView.swift in Sources */,
				688E48D24F08571C5831A95A /* ZhihuijiIOSApp.swift in Sources */,
			);
			runOnlyForDeploymentPostprocessing = 0;
		};
		90EFC38BBA22AA27DA6B046F /* Sources */ = {
			isa = PBXSourcesBuildPhase;
			buildActionMask = 2147483647;
			files = (
				5B989B799CA833B9AD8B853F /* APIClientTests.swift in Sources */,
				D54E32737BC79ACA04B7E00E /* AuthPermissionTests.swift in Sources */,
				B24D9FB315F6F7E4B5F250AE /* ModelDecodingTests.swift in Sources */,
			);
			runOnlyForDeploymentPostprocessing = 0;
		};
/* End PBXSourcesBuildPhase section */

/* Begin PBXTargetDependency section */
		2389AC7E5C00AE2E8B165EBF /* PBXTargetDependency */ = {
			isa = PBXTargetDependency;
			name = ZhihuijiIOS;
			target = 3BAC780E1446D60AF96C7F75 /* ZhihuijiIOS */;
			targetProxy = 391231A64615F10FEFBD3261 /* PBXContainerItemProxy */;
		};
/* End PBXTargetDependency section */

/* Begin XCBuildConfiguration section */
		07079CD01752BACA258BAE10 /* Release */ = {
			isa = XCBuildConfiguration;
			buildSettings = {
				ALWAYS_SEARCH_USER_PATHS = NO;
				CLANG_ANALYZER_NONNULL = YES;
				CLANG_ANALYZER_NUMBER_OBJECT_CONVERSION = YES_AGGRESSIVE;
				CLANG_CXX_LANGUAGE_STANDARD = "gnu++14";
				CLANG_CXX_LIBRARY = "libc++";
				CLANG_ENABLE_MODULES = YES;
				CLANG_ENABLE_OBJC_ARC = YES;
				CLANG_ENABLE_OBJC_WEAK = YES;
				CLANG_WARN_BLOCK_CAPTURE_AUTORELEASING = YES;
				CLANG_WARN_BOOL_CONVERSION = YES;
				CLANG_WARN_COMMA = YES;
				CLANG_WARN_CONSTANT_CONVERSION = YES;
				CLANG_WARN_DEPRECATED_OBJC_IMPLEMENTATIONS = YES;
				CLANG_WARN_DIRECT_OBJC_ISA_USAGE = YES_ERROR;
				CLANG_WARN_DOCUMENTATION_COMMENTS = YES;
				CLANG_WARN_EMPTY_BODY = YES;
				CLANG_WARN_ENUM_CONVERSION = YES;
				CLANG_WARN_INFINITE_RECURSION = YES;
				CLANG_WARN_INT_CONVERSION = YES;
				CLANG_WARN_NON_LITERAL_NULL_CONVERSION = YES;
				CLANG_WARN_OBJC_IMPLICIT_RETAIN_SELF = YES;
				CLANG_WARN_OBJC_LITERAL_CONVERSION = YES;
				CLANG_WARN_OBJC_ROOT_CLASS = YES_ERROR;
				CLANG_WARN_QUOTED_INCLUDE_IN_FRAMEWORK_HEADER = YES;
				CLANG_WARN_RANGE_LOOP_ANALYSIS = YES;
				CLANG_WARN_STRICT_PROTOTYPES = YES;
				CLANG_WARN_SUSPICIOUS_MOVE = YES;
				CLANG_WARN_UNGUARDED_AVAILABILITY = YES_AGGRESSIVE;
				CLANG_WARN_UNREACHABLE_CODE = YES;
				CLANG_WARN__DUPLICATE_METHOD_MATCH = YES;
				COPY_PHASE_STRIP = NO;
				DEBUG_INFORMATION_FORMAT = "dwarf-with-dsym";
				ENABLE_NS_ASSERTIONS = NO;
				ENABLE_STRICT_OBJC_MSGSEND = YES;
				GCC_C_LANGUAGE_STANDARD = gnu11;
				GCC_NO_COMMON_BLOCKS = YES;
				GCC_WARN_64_TO_32_BIT_CONVERSION = YES;
				GCC_WARN_ABOUT_RETURN_TYPE = YES_ERROR;
				GCC_WARN_UNDECLARED_SELECTOR = YES;
				GCC_WARN_UNINITIALIZED_AUTOS = YES_AGGRESSIVE;
				GCC_WARN_UNUSED_FUNCTION = YES;
				GCC_WARN_UNUSED_VARIABLE = YES;
				MTL_ENABLE_DEBUG_INFO = NO;
				MTL_FAST_MATH = YES;
				PRODUCT_NAME = "$(TARGET_NAME)";
				SWIFT_COMPILATION_MODE = wholemodule;
				SWIFT_OPTIMIZATION_LEVEL = "-O";
				SWIFT_VERSION = 5.0;
			};
			name = Release;
		};
		2B6C1B4DEB8D317A215C8308 /* Debug */ = {
			isa = XCBuildConfiguration;
			buildSettings = {
				ALWAYS_SEARCH_USER_PATHS = NO;
				CLANG_ANALYZER_NONNULL = YES;
				CLANG_ANALYZER_NUMBER_OBJECT_CONVERSION = YES_AGGRESSIVE;
				CLANG_CXX_LANGUAGE_STANDARD = "gnu++14";
				CLANG_CXX_LIBRARY = "libc++";
				CLANG_ENABLE_MODULES = YES;
				CLANG_ENABLE_OBJC_ARC = YES;
				CLANG_ENABLE_OBJC_WEAK = YES;
				CLANG_WARN_BLOCK_CAPTURE_AUTORELEASING = YES;
				CLANG_WARN_BOOL_CONVERSION = YES;
				CLANG_WARN_COMMA = YES;
				CLANG_WARN_CONSTANT_CONVERSION = YES;
				CLANG_WARN_DEPRECATED_OBJC_IMPLEMENTATIONS = YES;
				CLANG_WARN_DIRECT_OBJC_ISA_USAGE = YES_ERROR;
				CLANG_WARN_DOCUMENTATION_COMMENTS = YES;
				CLANG_WARN_EMPTY_BODY = YES;
				CLANG_WARN_ENUM_CONVERSION = YES;
				CLANG_WARN_INFINITE_RECURSION = YES;
				CLANG_WARN_INT_CONVERSION = YES;
				CLANG_WARN_NON_LITERAL_NULL_CONVERSION = YES;
				CLANG_WARN_OBJC_IMPLICIT_RETAIN_SELF = YES;
				CLANG_WARN_OBJC_LITERAL_CONVERSION = YES;
				CLANG_WARN_OBJC_ROOT_CLASS = YES_ERROR;
				CLANG_WARN_QUOTED_INCLUDE_IN_FRAMEWORK_HEADER = YES;
				CLANG_WARN_RANGE_LOOP_ANALYSIS = YES;
				CLANG_WARN_STRICT_PROTOTYPES = YES;
				CLANG_WARN_SUSPICIOUS_MOVE = YES;
				CLANG_WARN_UNGUARDED_AVAILABILITY = YES_AGGRESSIVE;
				CLANG_WARN_UNREACHABLE_CODE = YES;
				CLANG_WARN__DUPLICATE_METHOD_MATCH = YES;
				COPY_PHASE_STRIP = NO;
				DEBUG_INFORMATION_FORMAT = dwarf;
				ENABLE_STRICT_OBJC_MSGSEND = YES;
				ENABLE_TESTABILITY = YES;
				GCC_C_LANGUAGE_STANDARD = gnu11;
				GCC_DYNAMIC_NO_PIC = NO;
				GCC_NO_COMMON_BLOCKS = YES;
				GCC_OPTIMIZATION_LEVEL = 0;
				GCC_PREPROCESSOR_DEFINITIONS = (
					"DEBUG=1",
					"$(inherited)",
				);
				GCC_WARN_64_TO_32_BIT_CONVERSION = YES;
				GCC_WARN_ABOUT_RETURN_TYPE = YES_ERROR;
				GCC_WARN_UNDECLARED_SELECTOR = YES;
				GCC_WARN_UNINITIALIZED_AUTOS = YES_AGGRESSIVE;
				GCC_WARN_UNUSED_FUNCTION = YES;
				GCC_WARN_UNUSED_VARIABLE = YES;
				MTL_ENABLE_DEBUG_INFO = INCLUDE_SOURCE;
				MTL_FAST_MATH = YES;
				ONLY_ACTIVE_ARCH = YES;
				PRODUCT_NAME = "$(TARGET_NAME)";
				SWIFT_ACTIVE_COMPILATION_CONDITIONS = DEBUG;
				SWIFT_OPTIMIZATION_LEVEL = "-Onone";
				SWIFT_VERSION = 5.0;
			};
			name = Debug;
		};
		3EB956CFE1F19028FCE5CE8B /* Debug */ = {
			isa = XCBuildConfiguration;
			buildSettings = {
				BUNDLE_LOADER = "$(TEST_HOST)";
				CLANG_ENABLE_OBJC_WEAK = NO;
				CODE_SIGNING_ALLOWED = NO;
				CODE_SIGNING_REQUIRED = NO;
				CODE_SIGN_IDENTITY = "";
				DEVELOPMENT_TEAM = "";
				GENERATE_INFOPLIST_FILE = YES;
				IPHONEOS_DEPLOYMENT_TARGET = 17.0;
				LD_RUNPATH_SEARCH_PATHS = "$(inherited) @executable_path/Frameworks @loader_path/Frameworks";
				PRODUCT_BUNDLE_IDENTIFIER = com.sxyq27.ZhihuijiIOSTests;
				PRODUCT_NAME = "$(TARGET_NAME)";
				SDKROOT = iphoneos;
				SUPPORTED_PLATFORMS = "iphonesimulator iphoneos";
				SWIFT_EMIT_LOC_STRINGS = NO;
				SWIFT_VERSION = 5.0;
				TARGETED_DEVICE_FAMILY = "1,2";
				TEST_HOST = "$(BUILT_PRODUCTS_DIR)/ZhihuijiIOS.app/ZhihuijiIOS";
			};
			name = Debug;
		};
		7EB434FAC6C0A6C2B89AF668 /* Release */ = {
			isa = XCBuildConfiguration;
			buildSettings = {
				ASSETCATALOG_COMPILER_APPICON_NAME = AppIcon;
				ASSETCATALOG_COMPILER_GLOBAL_ACCENT_COLOR_NAME = AccentColor;
				CLANG_ENABLE_OBJC_WEAK = NO;
				CODE_SIGNING_ALLOWED = NO;
				CODE_SIGNING_REQUIRED = NO;
				CODE_SIGN_IDENTITY = "";
				DEVELOPMENT_TEAM = "";
				GENERATE_INFOPLIST_FILE = YES;
				INFOPLIST_KEY_CFBundleDisplayName = "智慧记";
				INFOPLIST_KEY_UIApplicationSceneManifest_Generation = YES;
				INFOPLIST_KEY_UIApplicationSupportsIndirectInputEvents = YES;
				INFOPLIST_KEY_UILaunchScreen_Generation = YES;
				IPHONEOS_DEPLOYMENT_TARGET = 17.0;
				LD_RUNPATH_SEARCH_PATHS = "$(inherited) @executable_path/Frameworks";
				PRODUCT_BUNDLE_IDENTIFIER = com.sxyq27.ZhihuijiIOS;
				PRODUCT_NAME = "$(TARGET_NAME)";
				SDKROOT = iphoneos;
				SUPPORTED_PLATFORMS = "iphonesimulator iphoneos";
				SWIFT_EMIT_LOC_STRINGS = NO;
				SWIFT_VERSION = 5.0;
				TARGETED_DEVICE_FAMILY = "1,2";
				VALIDATE_PRODUCT = YES;
			};
			name = Release;
		};
		BACB7156DF19BF414DC3C4A6 /* Release */ = {
			isa = XCBuildConfiguration;
			buildSettings = {
				BUNDLE_LOADER = "$(TEST_HOST)";
				CLANG_ENABLE_OBJC_WEAK = NO;
				CODE_SIGNING_ALLOWED = NO;
				CODE_SIGNING_REQUIRED = NO;
				CODE_SIGN_IDENTITY = "";
				DEVELOPMENT_TEAM = "";
				GENERATE_INFOPLIST_FILE = YES;
				IPHONEOS_DEPLOYMENT_TARGET = 17.0;
				LD_RUNPATH_SEARCH_PATHS = "$(inherited) @executable_path/Frameworks @loader_path/Frameworks";
				PRODUCT_BUNDLE_IDENTIFIER = com.sxyq27.ZhihuijiIOSTests;
				PRODUCT_NAME = "$(TARGET_NAME)";
				SDKROOT = iphoneos;
				SUPPORTED_PLATFORMS = "iphonesimulator iphoneos";
				SWIFT_EMIT_LOC_STRINGS = NO;
				SWIFT_VERSION = 5.0;
				TARGETED_DEVICE_FAMILY = "1,2";
				TEST_HOST = "$(BUILT_PRODUCTS_DIR)/ZhihuijiIOS.app/ZhihuijiIOS";
				VALIDATE_PRODUCT = YES;
			};
			name = Release;
		};
		CB114A2274454FFBFB2F0886 /* Debug */ = {
			isa = XCBuildConfiguration;
			buildSettings = {
				ASSETCATALOG_COMPILER_APPICON_NAME = AppIcon;
				ASSETCATALOG_COMPILER_GLOBAL_ACCENT_COLOR_NAME = AccentColor;
				CLANG_ENABLE_OBJC_WEAK = NO;
				CODE_SIGNING_ALLOWED = NO;
				CODE_SIGNING_REQUIRED = NO;
				CODE_SIGN_IDENTITY = "";
				DEVELOPMENT_TEAM = "";
				GENERATE_INFOPLIST_FILE = YES;
				INFOPLIST_KEY_CFBundleDisplayName = "智慧记";
				INFOPLIST_KEY_UIApplicationSceneManifest_Generation = YES;
				INFOPLIST_KEY_UIApplicationSupportsIndirectInputEvents = YES;
				INFOPLIST_KEY_UILaunchScreen_Generation = YES;
				IPHONEOS_DEPLOYMENT_TARGET = 17.0;
				LD_RUNPATH_SEARCH_PATHS = "$(inherited) @executable_path/Frameworks";
				PRODUCT_BUNDLE_IDENTIFIER = com.sxyq27.ZhihuijiIOS;
				PRODUCT_NAME = "$(TARGET_NAME)";
				SDKROOT = iphoneos;
				SUPPORTED_PLATFORMS = "iphonesimulator iphoneos";
				SWIFT_EMIT_LOC_STRINGS = NO;
				SWIFT_VERSION = 5.0;
				TARGETED_DEVICE_FAMILY = "1,2";
			};
			name = Debug;
		};
/* End XCBuildConfiguration section */

/* Begin XCConfigurationList section */
		10B1A77994D522BCC44DE157 /* Build configuration list for PBXProject "ZhihuijiIOS" */ = {
			isa = XCConfigurationList;
			buildConfigurations = (
				2B6C1B4DEB8D317A215C8308 /* Debug */,
				07079CD01752BACA258BAE10 /* Release */,
			);
			defaultConfigurationIsVisible = 0;
			defaultConfigurationName = Release;
		};
		5A0BF168371A386D84E3BCAB /* Build configuration list for PBXNativeTarget "ZhihuijiIOS" */ = {
			isa = XCConfigurationList;
			buildConfigurations = (
				7EB434FAC6C0A6C2B89AF668 /* Release */,
				CB114A2274454FFBFB2F0886 /* Debug */,
			);
			defaultConfigurationIsVisible = 0;
			defaultConfigurationName = Release;
		};
		B6913541511AEAE0FBA71FAC /* Build configuration list for PBXNativeTarget "ZhihuijiIOSTests" */ = {
			isa = XCConfigurationList;
			buildConfigurations = (
				BACB7156DF19BF414DC3C4A6 /* Release */,
				3EB956CFE1F19028FCE5CE8B /* Debug */,
			);
			defaultConfigurationIsVisible = 0;
			defaultConfigurationName = Release;
		};
/* End XCConfigurationList section */
	};
	rootObject = AEA7AEDB20EA8193C4BC27BE /* Project object */;
}
