// !$*UTF8*$!
{
	archiveVersion = 1;
	classes = {
	};
	objectVersion = 46;
	objects = {

/* Begin PBXBuildFile section */
		AA11BB22CC33DD44EE55FF67 /* Assets.xcassets in Resources */ = {isa = PBXBuildFile; fileRef = AA11BB22CC33DD44EE55FF66 /* Assets.xcassets */; };
		04B83644F3DAF87BB0077432 /* AgentChatView.swift in Sources */ = {isa = PBXBuildFile; fileRef = C5DE235436FC54D8CBCA0ED0 /* AgentChatView.swift */; };
		0923714E4E9ADEB02D16690D /* SettingsView.swift in Sources */ = {isa = PBXBuildFile; fileRef = B5F9101C7CE3C4E86876BDF3 /* SettingsView.swift */; };
		105F016DDFC6D896C6656E25 /* Foundation.framework in Frameworks */ = {isa = PBXBuildFile; fileRef = E339EF25959FE2AE01AF37E2 /* Foundation.framework */; };
		1121A923DF62D1C3A0CC957F /* APIClient.swift in Sources */ = {isa = PBXBuildFile; fileRef = 4C7448ACE4F3AB9AFB722B8D /* APIClient.swift */; };
		11E4A0CCFF88A801AA4CB0B1 /* Foundation.framework in Frameworks */ = {isa = PBXBuildFile; fileRef = E339EF25959FE2AE01AF37E2 /* Foundation.framework */; };
		1B6F8E4F0123456789ABCDEF /* MediaModels.swift in Sources */ = {isa = PBXBuildFile; fileRef = 1B6F8E4F0123456789ABCDE1 /* MediaModels.swift */; };
		1EB763A20821801D38D4C3B8 /* AgentAccessPolicy.swift in Sources */ = {isa = PBXBuildFile; fileRef = 2C3A3162F63F644FF2CAAB91 /* AgentAccessPolicy.swift */; };
		1ED9E0000000000000000B01 /* AgentWorkbenchView.swift in Sources */ = {isa = PBXBuildFile; fileRef = 1ED9E0000000000000000B02 /* AgentWorkbenchView.swift */; };
		1ED9E0000000000000000C01 /* AgentDraftsView.swift in Sources */ = {isa = PBXBuildFile; fileRef = 1ED9E0000000000000000C02 /* AgentDraftsView.swift */; };
		1ED9E0000000000000000D01 /* AgentTasksView.swift in Sources */ = {isa = PBXBuildFile; fileRef = 1ED9E0000000000000000D02 /* AgentTasksView.swift */; };
		1ED9E0000000000000000E01 /* PlanningOverviewView.swift in Sources */ = {isa = PBXBuildFile; fileRef = 1ED9E0000000000000000E02 /* PlanningOverviewView.swift */; };
		1FC7A4674FC8547B4DDE85B6 /* StaffManagementActionPolicy.swift in Sources */ = {isa = PBXBuildFile; fileRef = A1A280B314B60FB4C0D89882 /* StaffManagementActionPolicy.swift */; };
		2348907E1076E46BF025715D /* StatusChip.swift in Sources */ = {isa = PBXBuildFile; fileRef = 41941BEC640F9DC84E8183F0 /* StatusChip.swift */; };
		23584D598AF8BA5D0A7884C6 /* AppEnvironment.swift in Sources */ = {isa = PBXBuildFile; fileRef = 8A9515D8231AB2DED22C2A09 /* AppEnvironment.swift */; };
		23E7F9A00123456789ABCDEF /* SyncModels.swift in Sources */ = {isa = PBXBuildFile; fileRef = 23E7F9A00123456789ABCDE1 /* SyncModels.swift */; };
		26158CE4DF930917C5BF6DC8 /* StoreModels.swift in Sources */ = {isa = PBXBuildFile; fileRef = 4917D16A6CDB909CC90C3AD0 /* StoreModels.swift */; };
		298932CE645D642CFB4A1BED /* LoadingStateView.swift in Sources */ = {isa = PBXBuildFile; fileRef = 96366C770A8FCD942DD4E166 /* LoadingStateView.swift */; };
		3743C3EA5ECF26B65912C74E /* ZhihuijiTheme.swift in Sources */ = {isa = PBXBuildFile; fileRef = 6AE089CC574B0E7C74DEC2EF /* ZhihuijiTheme.swift */; };
		42855378403861BDAE28871B /* StaffManagementView.swift in Sources */ = {isa = PBXBuildFile; fileRef = 0F0D64B2C6DAE97B39890947 /* StaffManagementView.swift */; };
		53F745CEFA1FBAEA06D31129 /* AppSession.swift in Sources */ = {isa = PBXBuildFile; fileRef = AB1965AB20033FB24040EA35 /* AppSession.swift */; };
		56FED9A8316B9813DDC5EE39 /* AgentModels.swift in Sources */ = {isa = PBXBuildFile; fileRef = 82863F588C48E11E5E6F24BD /* AgentModels.swift */; };
		5B989B799CA833B9AD8B853F /* APIClientTests.swift in Sources */ = {isa = PBXBuildFile; fileRef = CCA9357BE434CEDC9105ABBE /* APIClientTests.swift */; };
		5F5DAB6A3999B582E3FB6033 /* SettingsSecurityPolicyTests.swift in Sources */ = {isa = PBXBuildFile; fileRef = F148C218035C94A24A33C2EF /* SettingsSecurityPolicyTests.swift */; };
		62E160E4FA73A35E28A8937C /* APIError.swift in Sources */ = {isa = PBXBuildFile; fileRef = 5474530EA9F18968F0686351 /* APIError.swift */; };
		64367B4E789502E1F0D3A96C /* APIEndpoint.swift in Sources */ = {isa = PBXBuildFile; fileRef = 4761E7C4C59CC9E7D708BEA6 /* APIEndpoint.swift */; };
		688E48D24F08571C5831A95A /* ZhihuijiIOSApp.swift in Sources */ = {isa = PBXBuildFile; fileRef = C73993E58D3E23F196459C60 /* ZhihuijiIOSApp.swift */; };
		6AB94BE3EEC7593213C15AEF /* ViewStyles.swift in Sources */ = {isa = PBXBuildFile; fileRef = C858F619280273E06640F1A9 /* ViewStyles.swift */; };
		72CCDA3499A913599555C1E0 /* EntityID.swift in Sources */ = {isa = PBXBuildFile; fileRef = E04DD570EF3895EE278A8223 /* EntityID.swift */; };
		7459766B27D48F6CB7B73314 /* Permission.swift in Sources */ = {isa = PBXBuildFile; fileRef = 51E811A6408EE34380037BDC /* Permission.swift */; };
		7459766B27D48F6CB7B73315 /* PermissionPolicy.swift in Sources */ = {isa = PBXBuildFile; fileRef = 51E811A6408EE34380037BDD /* PermissionPolicy.swift */; };
		7989A6B2E5EB8F64056A4315 /* AuthModels.swift in Sources */ = {isa = PBXBuildFile; fileRef = C537BC79DE23E93A21307D5D /* AuthModels.swift */; };
		832772D23B1A8EFE2C46D6CD /* PrimaryGlassButton.swift in Sources */ = {isa = PBXBuildFile; fileRef = 97922644BEC86ACDB5F4FF13 /* PrimaryGlassButton.swift */; };
		8A9C1B2D0123456789ABCDE2 /* MediaAssetsView.swift in Sources */ = {isa = PBXBuildFile; fileRef = 8A9C1B2D0123456789ABCDE3 /* MediaAssetsView.swift */; };
		8A9C1B2D0123456789ABCDEF /* SyncImportView.swift in Sources */ = {isa = PBXBuildFile; fileRef = 8A9C1B2D0123456789ABCDE1 /* SyncImportView.swift */; };
		90D1CED22AEEB68CFF59789A /* InlinePermissionAuditTests.swift in Sources */ = {isa = PBXBuildFile; fileRef = 50FCB97D03B937BE2EB064F3 /* InlinePermissionAuditTests.swift */; };
		9415656DF33AE8E7CF1A6F3F /* AgentViewModel.swift in Sources */ = {isa = PBXBuildFile; fileRef = BB9C07160C96659BA9E0C308 /* AgentViewModel.swift */; };
		973E27B3709A66FBC73E2687 /* MetricCard.swift in Sources */ = {isa = PBXBuildFile; fileRef = 1649C058DCCE6CAA138DE056 /* MetricCard.swift */; };
		A1B2C3D41234567890ABCDEF /* LoginViewModelTests.swift in Sources */ = {isa = PBXBuildFile; fileRef = A1B2C3D41234567890ABCDEE /* LoginViewModelTests.swift */; };
		AFF6B1C6985EC2594D35DC50 /* LoginViewModel.swift in Sources */ = {isa = PBXBuildFile; fileRef = 929D399692F517957870516D /* LoginViewModel.swift */; };
		B1C2D3E41234567890ABCDEF /* PlanningOverviewViewModelTests.swift in Sources */ = {isa = PBXBuildFile; fileRef = B1C2D3E41234567890ABCDEE /* PlanningOverviewViewModelTests.swift */; };
		B24D9FB315F6F7E4B5F250AE /* ModelDecodingTests.swift in Sources */ = {isa = PBXBuildFile; fileRef = 4CA68C2C20C25BA520595778 /* ModelDecodingTests.swift */; };
		B2C3D4E51234567890ABCDEF /* RolePermissionMatrixTests.swift in Sources */ = {isa = PBXBuildFile; fileRef = B2C3D4E51234567890ABCDEE /* RolePermissionMatrixTests.swift */; };
		B2EDC34D9BF93DF3F79637D8 /* StaffManagementActionPolicyTests.swift in Sources */ = {isa = PBXBuildFile; fileRef = DCE136B5FED3AE7EBC23EA58 /* StaffManagementActionPolicyTests.swift */; };
		B3C4D5E61234567890ABCDEF /* SettingsVisibilityPolicyTests.swift in Sources */ = {isa = PBXBuildFile; fileRef = B3C4D5E61234567890ABCDEE /* SettingsVisibilityPolicyTests.swift */; };
		B4DFBE6805F3A2049E0A5568 /* AuthTokenStore.swift in Sources */ = {isa = PBXBuildFile; fileRef = EF45A41DCDD9902DFA374246 /* AuthTokenStore.swift */; };
		BF15C7AE254764B803741FE5 /* EmptyStateView.swift in Sources */ = {isa = PBXBuildFile; fileRef = 0633B01F59CC71582482FCF3 /* EmptyStateView.swift */; };
		C0FFEE120000000000000001 /* MediaAssetsViewModelTests.swift in Sources */ = {isa = PBXBuildFile; fileRef = C0FFEE120000000000000000 /* MediaAssetsViewModelTests.swift */; };
		C0FFEE120000000000000003 /* SyncImportViewModelTests.swift in Sources */ = {isa = PBXBuildFile; fileRef = C0FFEE120000000000000002 /* SyncImportViewModelTests.swift */; };
		C0FFEE120000000000000011 /* RegisterViewModelTests.swift in Sources */ = {isa = PBXBuildFile; fileRef = C0FFEE120000000000000010 /* RegisterViewModelTests.swift */; };
		C3AE0F0CB81CA2A20260ED41 /* LoginView.swift in Sources */ = {isa = PBXBuildFile; fileRef = A32DE64D886359776FC7C343 /* LoginView.swift */; };
		D1F0E1A11122334455667788 /* DisplayNames.swift in Sources */ = {isa = PBXBuildFile; fileRef = D1F0E1A11122334455667789 /* DisplayNames.swift */; };
		D54E32737BC79ACA04B7E00E /* AuthPermissionTests.swift in Sources */ = {isa = PBXBuildFile; fileRef = C2417CDE1D9D792BC56B9A46 /* AuthPermissionTests.swift */; };
		D9463A6CF98D86DA2F782BCE /* SettingsVisibilityPolicy.swift in Sources */ = {isa = PBXBuildFile; fileRef = 59BB8AB3B9D511A19856B77A /* SettingsVisibilityPolicy.swift */; };
		DEADBEEF0000000000000001 /* RegisterView.swift in Sources */ = {isa = PBXBuildFile; fileRef = DEADBEEF0000000000000002 /* RegisterView.swift */; };
		DEADBEEF0000000000000003 /* RoleAccessView.swift in Sources */ = {isa = PBXBuildFile; fileRef = DEADBEEF0000000000000004 /* RoleAccessView.swift */; };
		E3A1B2C31234567890ABCDEF /* APIClientSessionTests.swift in Sources */ = {isa = PBXBuildFile; fileRef = E3A1B2C31234567890ABCDEE /* APIClientSessionTests.swift */; };
		E81206A67FDF4D3DAFA5CCF4 /* SettingsSecurityPolicy.swift in Sources */ = {isa = PBXBuildFile; fileRef = 29214D2EA557BBF72B67358F /* SettingsSecurityPolicy.swift */; };
		EB2EFB446A0AFB80E8053AFC /* AgentAccessPolicyTests.swift in Sources */ = {isa = PBXBuildFile; fileRef = 9BE62926796D7F0FF22B1505 /* AgentAccessPolicyTests.swift */; };
		F7A2B3C41234567890ABCDEF /* AppSessionTests.swift in Sources */ = {isa = PBXBuildFile; fileRef = F7A2B3C41234567890ABCDEE /* AppSessionTests.swift */; };
		FC1B7DD40033E471D4DB367D /* AppRouter.swift in Sources */ = {isa = PBXBuildFile; fileRef = D460279707F7692E18EBA86C /* AppRouter.swift */; };
/* End PBXBuildFile section */

/* Begin PBXContainerItemProxy section */
		391231A64615F10FEFBD3261 /* PBXContainerItemProxy */ = {
			isa = PBXContainerItemProxy;
			containerPortal = AEA7AEDB20EA8193C4BC27BE /* Project object */;
			proxyType = 1;
			remoteGlobalIDString = 3BAC780E1446D60AF96C7F75;
			remoteInfo = ZhihuijiIOS;
		};
/* End PBXContainerItemProxy section */

/* Begin PBXFileReference section */
		AA11BB22CC33DD44EE55FF66 /* Assets.xcassets */ = {isa = PBXFileReference; lastKnownFileType = folder.assetcatalog; path = ZhihuijiIOS/Assets.xcassets; sourceTree = "<group>"; };
		0633B01F59CC71582482FCF3 /* EmptyStateView.swift */ = {isa = PBXFileReference; includeInIndex = 1; lastKnownFileType = sourcecode.swift; name = EmptyStateView.swift; path = ZhihuijiIOS/Core/Design/Components/EmptyStateView.swift; sourceTree = "<group>"; };
		0F0D64B2C6DAE97B39890947 /* StaffManagementView.swift */ = {isa = PBXFileReference; includeInIndex = 1; lastKnownFileType = sourcecode.swift; name = StaffManagementView.swift; path = ZhihuijiIOS/Features/Settings/StaffManagementView.swift; sourceTree = "<group>"; };
		1649C058DCCE6CAA138DE056 /* MetricCard.swift */ = {isa = PBXFileReference; includeInIndex = 1; lastKnownFileType = sourcecode.swift; name = MetricCard.swift; path = ZhihuijiIOS/Core/Design/Components/MetricCard.swift; sourceTree = "<group>"; };
		1B6F8E4F0123456789ABCDE1 /* MediaModels.swift */ = {isa = PBXFileReference; includeInIndex = 1; lastKnownFileType = sourcecode.swift; name = MediaModels.swift; path = ZhihuijiIOS/Core/Models/MediaModels.swift; sourceTree = "<group>"; };
		1ED9E0000000000000000B02 /* AgentWorkbenchView.swift */ = {isa = PBXFileReference; includeInIndex = 1; lastKnownFileType = sourcecode.swift; name = AgentWorkbenchView.swift; path = ZhihuijiIOS/Features/Agent/AgentWorkbenchView.swift; sourceTree = "<group>"; };
		1ED9E0000000000000000C02 /* AgentDraftsView.swift */ = {isa = PBXFileReference; includeInIndex = 1; lastKnownFileType = sourcecode.swift; name = AgentDraftsView.swift; path = ZhihuijiIOS/Features/Agent/AgentDraftsView.swift; sourceTree = "<group>"; };
		1ED9E0000000000000000D02 /* AgentTasksView.swift */ = {isa = PBXFileReference; includeInIndex = 1; lastKnownFileType = sourcecode.swift; name = AgentTasksView.swift; path = ZhihuijiIOS/Features/Agent/AgentTasksView.swift; sourceTree = "<group>"; };
		1ED9E0000000000000000E02 /* PlanningOverviewView.swift */ = {isa = PBXFileReference; includeInIndex = 1; lastKnownFileType = sourcecode.swift; name = PlanningOverviewView.swift; path = ZhihuijiIOS/Features/Settings/PlanningOverviewView.swift; sourceTree = "<group>"; };
		23E7F9A00123456789ABCDE1 /* SyncModels.swift */ = {isa = PBXFileReference; includeInIndex = 1; lastKnownFileType = sourcecode.swift; name = SyncModels.swift; path = ZhihuijiIOS/Core/Models/SyncModels.swift; sourceTree = "<group>"; };
		29214D2EA557BBF72B67358F /* SettingsSecurityPolicy.swift */ = {isa = PBXFileReference; includeInIndex = 1; lastKnownFileType = sourcecode.swift; name = SettingsSecurityPolicy.swift; path = ZhihuijiIOS/Features/Settings/SettingsSecurityPolicy.swift; sourceTree = "<group>"; };
		2A779791D70117899FB1D3D5 /* ZhihuijiIOS.app */ = {isa = PBXFileReference; explicitFileType = wrapper.application; includeInIndex = 0; path = ZhihuijiIOS.app; sourceTree = BUILT_PRODUCTS_DIR; };
		2C3A3162F63F644FF2CAAB91 /* AgentAccessPolicy.swift */ = {isa = PBXFileReference; includeInIndex = 1; lastKnownFileType = sourcecode.swift; name = AgentAccessPolicy.swift; path = ZhihuijiIOS/Features/Agent/AgentAccessPolicy.swift; sourceTree = "<group>"; };
		41941BEC640F9DC84E8183F0 /* StatusChip.swift */ = {isa = PBXFileReference; includeInIndex = 1; lastKnownFileType = sourcecode.swift; name = StatusChip.swift; path = ZhihuijiIOS/Core/Design/Components/StatusChip.swift; sourceTree = "<group>"; };
		4761E7C4C59CC9E7D708BEA6 /* APIEndpoint.swift */ = {isa = PBXFileReference; includeInIndex = 1; lastKnownFileType = sourcecode.swift; name = APIEndpoint.swift; path = ZhihuijiIOS/Core/API/APIEndpoint.swift; sourceTree = "<group>"; };
		4917D16A6CDB909CC90C3AD0 /* StoreModels.swift */ = {isa = PBXFileReference; includeInIndex = 1; lastKnownFileType = sourcecode.swift; name = StoreModels.swift; path = ZhihuijiIOS/Core/Models/StoreModels.swift; sourceTree = "<group>"; };
		4C7448ACE4F3AB9AFB722B8D /* APIClient.swift */ = {isa = PBXFileReference; includeInIndex = 1; lastKnownFileType = sourcecode.swift; name = APIClient.swift; path = ZhihuijiIOS/Core/API/APIClient.swift; sourceTree = "<group>"; };
		4CA68C2C20C25BA520595778 /* ModelDecodingTests.swift */ = {isa = PBXFileReference; includeInIndex = 1; lastKnownFileType = sourcecode.swift; name = ModelDecodingTests.swift; path = ZhihuijiIOSTests/ModelDecodingTests.swift; sourceTree = "<group>"; };
		50FCB97D03B937BE2EB064F3 /* InlinePermissionAuditTests.swift */ = {isa = PBXFileReference; includeInIndex = 1; lastKnownFileType = sourcecode.swift; name = InlinePermissionAuditTests.swift; path = ZhihuijiIOSTests/InlinePermissionAuditTests.swift; sourceTree = "<group>"; };
		51E811A6408EE34380037BDC /* Permission.swift */ = {isa = PBXFileReference; includeInIndex = 1; lastKnownFileType = sourcecode.swift; name = Permission.swift; path = ZhihuijiIOS/Core/Auth/Permission.swift; sourceTree = "<group>"; };
		51E811A6408EE34380037BDD /* PermissionPolicy.swift */ = {isa = PBXFileReference; includeInIndex = 1; lastKnownFileType = sourcecode.swift; name = PermissionPolicy.swift; path = ZhihuijiIOS/Core/Auth/PermissionPolicy.swift; sourceTree = "<group>"; };
		5474530EA9F18968F0686351 /* APIError.swift */ = {isa = PBXFileReference; includeInIndex = 1; lastKnownFileType = sourcecode.swift; name = APIError.swift; path = ZhihuijiIOS/Core/API/APIError.swift; sourceTree = "<group>"; };
		59BB8AB3B9D511A19856B77A /* SettingsVisibilityPolicy.swift */ = {isa = PBXFileReference; includeInIndex = 1; lastKnownFileType = sourcecode.swift; name = SettingsVisibilityPolicy.swift; path = ZhihuijiIOS/Features/Settings/SettingsVisibilityPolicy.swift; sourceTree = "<group>"; };
		6AE089CC574B0E7C74DEC2EF /* ZhihuijiTheme.swift */ = {isa = PBXFileReference; includeInIndex = 1; lastKnownFileType = sourcecode.swift; name = ZhihuijiTheme.swift; path = ZhihuijiIOS/Core/Design/ZhihuijiTheme.swift; sourceTree = "<group>"; };
		82863F588C48E11E5E6F24BD /* AgentModels.swift */ = {isa = PBXFileReference; includeInIndex = 1; lastKnownFileType = sourcecode.swift; name = AgentModels.swift; path = ZhihuijiIOS/Core/Models/AgentModels.swift; sourceTree = "<group>"; };
		8A9515D8231AB2DED22C2A09 /* AppEnvironment.swift */ = {isa = PBXFileReference; includeInIndex = 1; lastKnownFileType = sourcecode.swift; name = AppEnvironment.swift; path = ZhihuijiIOS/App/AppEnvironment.swift; sourceTree = "<group>"; };
		8A9C1B2D0123456789ABCDE1 /* SyncImportView.swift */ = {isa = PBXFileReference; includeInIndex = 1; lastKnownFileType = sourcecode.swift; name = SyncImportView.swift; path = ZhihuijiIOS/Features/Settings/SyncImportView.swift; sourceTree = "<group>"; };
		8A9C1B2D0123456789ABCDE3 /* MediaAssetsView.swift */ = {isa = PBXFileReference; includeInIndex = 1; lastKnownFileType = sourcecode.swift; name = MediaAssetsView.swift; path = ZhihuijiIOS/Features/Settings/MediaAssetsView.swift; sourceTree = "<group>"; };
		929D399692F517957870516D /* LoginViewModel.swift */ = {isa = PBXFileReference; includeInIndex = 1; lastKnownFileType = sourcecode.swift; name = LoginViewModel.swift; path = ZhihuijiIOS/Features/Auth/LoginViewModel.swift; sourceTree = "<group>"; };
		96366C770A8FCD942DD4E166 /* LoadingStateView.swift */ = {isa = PBXFileReference; includeInIndex = 1; lastKnownFileType = sourcecode.swift; name = LoadingStateView.swift; path = ZhihuijiIOS/Core/Design/Components/LoadingStateView.swift; sourceTree = "<group>"; };
		97922644BEC86ACDB5F4FF13 /* PrimaryGlassButton.swift */ = {isa = PBXFileReference; includeInIndex = 1; lastKnownFileType = sourcecode.swift; name = PrimaryGlassButton.swift; path = ZhihuijiIOS/Core/Design/Components/PrimaryGlassButton.swift; sourceTree = "<group>"; };
		9BE62926796D7F0FF22B1505 /* AgentAccessPolicyTests.swift */ = {isa = PBXFileReference; includeInIndex = 1; lastKnownFileType = sourcecode.swift; name = AgentAccessPolicyTests.swift; path = ZhihuijiIOSTests/AgentAccessPolicyTests.swift; sourceTree = "<group>"; };
		A1A280B314B60FB4C0D89882 /* StaffManagementActionPolicy.swift */ = {isa = PBXFileReference; includeInIndex = 1; lastKnownFileType = sourcecode.swift; name = StaffManagementActionPolicy.swift; path = ZhihuijiIOS/Features/Settings/StaffManagementActionPolicy.swift; sourceTree = "<group>"; };
		A1B2C3D41234567890ABCDEE /* LoginViewModelTests.swift */ = {isa = PBXFileReference; includeInIndex = 1; lastKnownFileType = sourcecode.swift; name = LoginViewModelTests.swift; path = ZhihuijiIOSTests/LoginViewModelTests.swift; sourceTree = "<group>"; };
		A32DE64D886359776FC7C343 /* LoginView.swift */ = {isa = PBXFileReference; includeInIndex = 1; lastKnownFileType = sourcecode.swift; name = LoginView.swift; path = ZhihuijiIOS/Features/Auth/LoginView.swift; sourceTree = "<group>"; };
		AB1965AB20033FB24040EA35 /* AppSession.swift */ = {isa = PBXFileReference; includeInIndex = 1; lastKnownFileType = sourcecode.swift; name = AppSession.swift; path = ZhihuijiIOS/App/AppSession.swift; sourceTree = "<group>"; };
		B1C2D3E41234567890ABCDEE /* PlanningOverviewViewModelTests.swift */ = {isa = PBXFileReference; includeInIndex = 1; lastKnownFileType = sourcecode.swift; name = PlanningOverviewViewModelTests.swift; path = ZhihuijiIOSTests/PlanningOverviewViewModelTests.swift; sourceTree = "<group>"; };
		B2C3D4E51234567890ABCDEE /* RolePermissionMatrixTests.swift */ = {isa = PBXFileReference; includeInIndex = 1; lastKnownFileType = sourcecode.swift; name = RolePermissionMatrixTests.swift; path = ZhihuijiIOSTests/RolePermissionMatrixTests.swift; sourceTree = "<group>"; };
		B334DCD2B597DC08512C6C15 /* ZhihuijiIOSTests.xctest */ = {isa = PBXFileReference; explicitFileType = wrapper.cfbundle; includeInIndex = 0; path = ZhihuijiIOSTests.xctest; sourceTree = BUILT_PRODUCTS_DIR; };
		B3C4D5E61234567890ABCDEE /* SettingsVisibilityPolicyTests.swift */ = {isa = PBXFileReference; includeInIndex = 1; lastKnownFileType = sourcecode.swift; name = SettingsVisibilityPolicyTests.swift; path = ZhihuijiIOSTests/SettingsVisibilityPolicyTests.swift; sourceTree = "<group>"; };
		B5F9101C7CE3C4E86876BDF3 /* SettingsView.swift */ = {isa = PBXFileReference; includeInIndex = 1; lastKnownFileType = sourcecode.swift; name = SettingsView.swift; path = ZhihuijiIOS/Features/Settings/SettingsView.swift; sourceTree = "<group>"; };
		BB9C07160C96659BA9E0C308 /* AgentViewModel.swift */ = {isa = PBXFileReference; includeInIndex = 1; lastKnownFileType = sourcecode.swift; name = AgentViewModel.swift; path = ZhihuijiIOS/Features/Agent/AgentViewModel.swift; sourceTree = "<group>"; };
		C0FFEE120000000000000000 /* MediaAssetsViewModelTests.swift */ = {isa = PBXFileReference; includeInIndex = 1; lastKnownFileType = sourcecode.swift; name = MediaAssetsViewModelTests.swift; path = ZhihuijiIOSTests/MediaAssetsViewModelTests.swift; sourceTree = "<group>"; };
		C0FFEE120000000000000002 /* SyncImportViewModelTests.swift */ = {isa = PBXFileReference; includeInIndex = 1; lastKnownFileType = sourcecode.swift; name = SyncImportViewModelTests.swift; path = ZhihuijiIOSTests/SyncImportViewModelTests.swift; sourceTree = "<group>"; };
		C0FFEE120000000000000010 /* RegisterViewModelTests.swift */ = {isa = PBXFileReference; includeInIndex = 1; lastKnownFileType = sourcecode.swift; name = RegisterViewModelTests.swift; path = ZhihuijiIOSTests/RegisterViewModelTests.swift; sourceTree = "<group>"; };
		C2417CDE1D9D792BC56B9A46 /* AuthPermissionTests.swift */ = {isa = PBXFileReference; includeInIndex = 1; lastKnownFileType = sourcecode.swift; name = AuthPermissionTests.swift; path = ZhihuijiIOSTests/AuthPermissionTests.swift; sourceTree = "<group>"; };
		C537BC79DE23E93A21307D5D /* AuthModels.swift */ = {isa = PBXFileReference; includeInIndex = 1; lastKnownFileType = sourcecode.swift; name = AuthModels.swift; path = ZhihuijiIOS/Core/Auth/AuthModels.swift; sourceTree = "<group>"; };
		C5DE235436FC54D8CBCA0ED0 /* AgentChatView.swift */ = {isa = PBXFileReference; includeInIndex = 1; lastKnownFileType = sourcecode.swift; name = AgentChatView.swift; path = ZhihuijiIOS/Features/Agent/AgentChatView.swift; sourceTree = "<group>"; };
		C73993E58D3E23F196459C60 /* ZhihuijiIOSApp.swift */ = {isa = PBXFileReference; includeInIndex = 1; lastKnownFileType = sourcecode.swift; name = ZhihuijiIOSApp.swift; path = ZhihuijiIOS/ZhihuijiIOSApp.swift; sourceTree = "<group>"; };
		C858F619280273E06640F1A9 /* ViewStyles.swift */ = {isa = PBXFileReference; includeInIndex = 1; lastKnownFileType = sourcecode.swift; name = ViewStyles.swift; path = ZhihuijiIOS/Core/Design/Components/ViewStyles.swift; sourceTree = "<group>"; };
		CCA9357BE434CEDC9105ABBE /* APIClientTests.swift */ = {isa = PBXFileReference; includeInIndex = 1; lastKnownFileType = sourcecode.swift; name = APIClientTests.swift; path = ZhihuijiIOSTests/APIClientTests.swift; sourceTree = "<group>"; };
		D1F0E1A11122334455667789 /* DisplayNames.swift */ = {isa = PBXFileReference; includeInIndex = 1; lastKnownFileType = sourcecode.swift; name = DisplayNames.swift; path = ZhihuijiIOS/Core/Models/DisplayNames.swift; sourceTree = "<group>"; };
		D460279707F7692E18EBA86C /* AppRouter.swift */ = {isa = PBXFileReference; includeInIndex = 1; lastKnownFileType = sourcecode.swift; name = AppRouter.swift; path = ZhihuijiIOS/App/AppRouter.swift; sourceTree = "<group>"; };
		DCE136B5FED3AE7EBC23EA58 /* StaffManagementActionPolicyTests.swift */ = {isa = PBXFileReference; includeInIndex = 1; lastKnownFileType = sourcecode.swift; name = StaffManagementActionPolicyTests.swift; path = ZhihuijiIOSTests/StaffManagementActionPolicyTests.swift; sourceTree = "<group>"; };
		DEADBEEF0000000000000002 /* RegisterView.swift */ = {isa = PBXFileReference; includeInIndex = 1; lastKnownFileType = sourcecode.swift; name = RegisterView.swift; path = ZhihuijiIOS/Features/Auth/RegisterView.swift; sourceTree = "<group>"; };
		DEADBEEF0000000000000004 /* RoleAccessView.swift */ = {isa = PBXFileReference; includeInIndex = 1; lastKnownFileType = sourcecode.swift; name = RoleAccessView.swift; path = ZhihuijiIOS/Features/Settings/RoleAccessView.swift; sourceTree = "<group>"; };
		E04DD570EF3895EE278A8223 /* EntityID.swift */ = {isa = PBXFileReference; includeInIndex = 1; lastKnownFileType = sourcecode.swift; name = EntityID.swift; path = ZhihuijiIOS/Core/Models/EntityID.swift; sourceTree = "<group>"; };
		E339EF25959FE2AE01AF37E2 /* Foundation.framework */ = {isa = PBXFileReference; lastKnownFileType = wrapper.framework; name = Foundation.framework; path = Platforms/iPhoneOS.platform/Developer/SDKs/iPhoneOS18.0.sdk/System/Library/Frameworks/Foundation.framework; sourceTree = DEVELOPER_DIR; };
		E3A1B2C31234567890ABCDEE /* APIClientSessionTests.swift */ = {isa = PBXFileReference; includeInIndex = 1; lastKnownFileType = sourcecode.swift; name = APIClientSessionTests.swift; path = ZhihuijiIOSTests/APIClientSessionTests.swift; sourceTree = "<group>"; };
		EF45A41DCDD9902DFA374246 /* AuthTokenStore.swift */ = {isa = PBXFileReference; includeInIndex = 1; lastKnownFileType = sourcecode.swift; name = AuthTokenStore.swift; path = ZhihuijiIOS/Core/Auth/AuthTokenStore.swift; sourceTree = "<group>"; };
		F148C218035C94A24A33C2EF /* SettingsSecurityPolicyTests.swift */ = {isa = PBXFileReference; includeInIndex = 1; lastKnownFileType = sourcecode.swift; name = SettingsSecurityPolicyTests.swift; path = ZhihuijiIOSTests/SettingsSecurityPolicyTests.swift; sourceTree = "<group>"; };
		F7A2B3C41234567890ABCDEE /* AppSessionTests.swift */ = {isa = PBXFileReference; includeInIndex = 1; lastKnownFileType = sourcecode.swift; name = AppSessionTests.swift; path = ZhihuijiIOSTests/AppSessionTests.swift; sourceTree = "<group>"; };
/* End PBXFileReference section */

/* Begin PBXFrameworksBuildPhase section */
		0EFC3CA53F8B3939258DB762 /* Frameworks */ = {
			isa = PBXFrameworksBuildPhase;
			buildActionMask = 2147483647;
			files = (
				11E4A0CCFF88A801AA4CB0B1 /* Foundation.framework in Frameworks */,
			);
			runOnlyForDeploymentPostprocessing = 0;
		};
		BC4DF13CA0A9C9E5A6A33141 /* Frameworks */ = {
			isa = PBXFrameworksBuildPhase;
			buildActionMask = 2147483647;
			files = (
				105F016DDFC6D896C6656E25 /* Foundation.framework in Frameworks */,
			);
			runOnlyForDeploymentPostprocessing = 0;
		};
/* End PBXFrameworksBuildPhase section */

/* Begin PBXGroup section */
		2065767277AAD6E3F4BC9133 /* Frameworks */ = {
			isa = PBXGroup;
			children = (
				4BFBC74D8F1271AC4BE023EF /* iOS */,
			);
			name = Frameworks;
			sourceTree = "<group>";
		};
		4BFBC74D8F1271AC4BE023EF /* iOS */ = {
			isa = PBXGroup;
			children = (
				E339EF25959FE2AE01AF37E2 /* Foundation.framework */,
			);
			name = iOS;
			sourceTree = "<group>";
		};
		51BBD9DB7C32EB68523BD48A /* ZhihuijiIOS */ = {
			isa = PBXGroup;
			children = (
				CFB7D6C4C4BD90E6DF39EA1D /* Features */,
			);
			name = ZhihuijiIOS;
			sourceTree = "<group>";
		};
		55B7BF60D49D587EF4284B60 /* Settings */ = {
			isa = PBXGroup;
			children = (
				29214D2EA557BBF72B67358F /* SettingsSecurityPolicy.swift */,
				59BB8AB3B9D511A19856B77A /* SettingsVisibilityPolicy.swift */,
				A1A280B314B60FB4C0D89882 /* StaffManagementActionPolicy.swift */,
			);
			name = Settings;
			sourceTree = "<group>";
		};
		8E99ABE88A40D73AE7FE235C /* ZhihuijiIOSTests */ = {
			isa = PBXGroup;
			children = (
				9BE62926796D7F0FF22B1505 /* AgentAccessPolicyTests.swift */,
				50FCB97D03B937BE2EB064F3 /* InlinePermissionAuditTests.swift */,
				F148C218035C94A24A33C2EF /* SettingsSecurityPolicyTests.swift */,
				DCE136B5FED3AE7EBC23EA58 /* StaffManagementActionPolicyTests.swift */,
			);
			name = ZhihuijiIOSTests;
			sourceTree = "<group>";
		};
		8FB9D9FC8E11D1B2C070DEFA /* Products */ = {
			isa = PBXGroup;
			children = (
				2A779791D70117899FB1D3D5 /* ZhihuijiIOS.app */,
				B334DCD2B597DC08512C6C15 /* ZhihuijiIOSTests.xctest */,
			);
			name = Products;
			sourceTree = "<group>";
		};
		B430F412913F9CEB8BCEE2C6 = {
			isa = PBXGroup;
			children = (
				8FB9D9FC8E11D1B2C070DEFA /* Products */,
				2065767277AAD6E3F4BC9133 /* Frameworks */,
				D19B815BC417EFC33B2E62E0 /* ios */,
				AA11BB22CC33DD44EE55FF66 /* Assets.xcassets */,
				51BBD9DB7C32EB68523BD48A /* ZhihuijiIOS */,
				8E99ABE88A40D73AE7FE235C /* ZhihuijiIOSTests */,
			);
			sourceTree = "<group>";
		};
		CFB7D6C4C4BD90E6DF39EA1D /* Features */ = {
			isa = PBXGroup;
			children = (
				E222298D5A24ABE8C87CD778 /* Agent */,
				55B7BF60D49D587EF4284B60 /* Settings */,
			);
			name = Features;
			sourceTree = "<group>";
		};
		D19B815BC417EFC33B2E62E0 /* ios */ = {
			isa = PBXGroup;
			children = (
				8A9515D8231AB2DED22C2A09 /* AppEnvironment.swift */,
				D460279707F7692E18EBA86C /* AppRouter.swift */,
				AB1965AB20033FB24040EA35 /* AppSession.swift */,
				4C7448ACE4F3AB9AFB722B8D /* APIClient.swift */,
				4761E7C4C59CC9E7D708BEA6 /* APIEndpoint.swift */,
				5474530EA9F18968F0686351 /* APIError.swift */,
				C537BC79DE23E93A21307D5D /* AuthModels.swift */,
				EF45A41DCDD9902DFA374246 /* AuthTokenStore.swift */,
				51E811A6408EE34380037BDC /* Permission.swift */,
				51E811A6408EE34380037BDD /* PermissionPolicy.swift */,
				0633B01F59CC71582482FCF3 /* EmptyStateView.swift */,
				96366C770A8FCD942DD4E166 /* LoadingStateView.swift */,
				1649C058DCCE6CAA138DE056 /* MetricCard.swift */,
				97922644BEC86ACDB5F4FF13 /* PrimaryGlassButton.swift */,
				41941BEC640F9DC84E8183F0 /* StatusChip.swift */,
				C858F619280273E06640F1A9 /* ViewStyles.swift */,
				6AE089CC574B0E7C74DEC2EF /* ZhihuijiTheme.swift */,
				82863F588C48E11E5E6F24BD /* AgentModels.swift */,
				1B6F8E4F0123456789ABCDE1 /* MediaModels.swift */,
				E04DD570EF3895EE278A8223 /* EntityID.swift */,
				D1F0E1A11122334455667789 /* DisplayNames.swift */,
				23E7F9A00123456789ABCDE1 /* SyncModels.swift */,
				4917D16A6CDB909CC90C3AD0 /* StoreModels.swift */,
				C5DE235436FC54D8CBCA0ED0 /* AgentChatView.swift */,
				1ED9E0000000000000000B02 /* AgentWorkbenchView.swift */,
				1ED9E0000000000000000C02 /* AgentDraftsView.swift */,
				1ED9E0000000000000000D02 /* AgentTasksView.swift */,
				BB9C07160C96659BA9E0C308 /* AgentViewModel.swift */,
				A32DE64D886359776FC7C343 /* LoginView.swift */,
				929D399692F517957870516D /* LoginViewModel.swift */,
				DEADBEEF0000000000000002 /* RegisterView.swift */,
				B5F9101C7CE3C4E86876BDF3 /* SettingsView.swift */,
				1ED9E0000000000000000E02 /* PlanningOverviewView.swift */,
				8A9C1B2D0123456789ABCDE3 /* MediaAssetsView.swift */,
				8A9C1B2D0123456789ABCDE1 /* SyncImportView.swift */,
				0F0D64B2C6DAE97B39890947 /* StaffManagementView.swift */,
				DEADBEEF0000000000000004 /* RoleAccessView.swift */,
				C73993E58D3E23F196459C60 /* ZhihuijiIOSApp.swift */,
				CCA9357BE434CEDC9105ABBE /* APIClientTests.swift */,
				E3A1B2C31234567890ABCDEE /* APIClientSessionTests.swift */,
				F7A2B3C41234567890ABCDEE /* AppSessionTests.swift */,
				A1B2C3D41234567890ABCDEE /* LoginViewModelTests.swift */,
				C2417CDE1D9D792BC56B9A46 /* AuthPermissionTests.swift */,
				B1C2D3E41234567890ABCDEE /* PlanningOverviewViewModelTests.swift */,
				B2C3D4E51234567890ABCDEE /* RolePermissionMatrixTests.swift */,
				B3C4D5E61234567890ABCDEE /* SettingsVisibilityPolicyTests.swift */,
				4CA68C2C20C25BA520595778 /* ModelDecodingTests.swift */,
				C0FFEE120000000000000000 /* MediaAssetsViewModelTests.swift */,
				C0FFEE120000000000000002 /* SyncImportViewModelTests.swift */,
				C0FFEE120000000000000010 /* RegisterViewModelTests.swift */,
			);
			name = ios;
			sourceTree = "<group>";
		};
		E222298D5A24ABE8C87CD778 /* Agent */ = {
			isa = PBXGroup;
			children = (
				2C3A3162F63F644FF2CAAB91 /* AgentAccessPolicy.swift */,
			);
			name = Agent;
			sourceTree = "<group>";
		};
/* End PBXGroup section */

/* Begin PBXNativeTarget section */
		3BAC780E1446D60AF96C7F75 /* ZhihuijiIOS */ = {
			isa = PBXNativeTarget;
			buildConfigurationList = 5A0BF168371A386D84E3BCAB /* Build configuration list for PBXNativeTarget "ZhihuijiIOS" */;
			buildPhases = (
				754072FF2639ADB2F5B097D3 /* Sources */,
				BC4DF13CA0A9C9E5A6A33141 /* Frameworks */,
				8C6DC4D761C32E3381C6B83E /* Resources */,
			);
			buildRules = (
			);
			dependencies = (
			);
			name = ZhihuijiIOS;
			productName = ZhihuijiIOS;
			productReference = 2A779791D70117899FB1D3D5 /* ZhihuijiIOS.app */;
			productType = "com.apple.product-type.application";
		};
		965D8F0E7E4FF7F0F96C9DAC /* ZhihuijiIOSTests */ = {
			isa = PBXNativeTarget;
			buildConfigurationList = B6913541511AEAE0FBA71FAC /* Build configuration list for PBXNativeTarget "ZhihuijiIOSTests" */;
			buildPhases = (
				90EFC38BBA22AA27DA6B046F /* Sources */,
				0EFC3CA53F8B3939258DB762 /* Frameworks */,
				345CE35F7D408A99C1B3BF7D /* Resources */,
			);
			buildRules = (
			);
			dependencies = (
				2389AC7E5C00AE2E8B165EBF /* PBXTargetDependency */,
			);
			name = ZhihuijiIOSTests;
			productName = ZhihuijiIOSTests;
			productReference = B334DCD2B597DC08512C6C15 /* ZhihuijiIOSTests.xctest */;
			productType = "com.apple.product-type.bundle.unit-test";
		};
/* End PBXNativeTarget section */

/* Begin PBXProject section */
		AEA7AEDB20EA8193C4BC27BE /* Project object */ = {
			isa = PBXProject;
			attributes = {
				LastSwiftUpdateCheck = 1600;
				LastUpgradeCheck = 1600;
			};
			buildConfigurationList = 10B1A77994D522BCC44DE157 /* Build configuration list for PBXProject "ZhihuijiIOS" */;
			compatibilityVersion = "Xcode 3.2";
			developmentRegion = en;
			hasScannedForEncodings = 0;
			knownRegions = (
				en,
				Base,
			);
			mainGroup = B430F412913F9CEB8BCEE2C6;
			minimizedProjectReferenceProxies = 0;
			preferredProjectObjectVersion = 77;
			productRefGroup = 8FB9D9FC8E11D1B2C070DEFA /* Products */;
			projectDirPath = "";
			projectRoot = "";
			targets = (
				3BAC780E1446D60AF96C7F75 /* ZhihuijiIOS */,
				965D8F0E7E4FF7F0F96C9DAC /* ZhihuijiIOSTests */,
			);
		};
/* End PBXProject section */

/* Begin PBXResourcesBuildPhase section */
		345CE35F7D408A99C1B3BF7D /* Resources */ = {
			isa = PBXResourcesBuildPhase;
			buildActionMask = 2147483647;
			files = (
			);
			runOnlyForDeploymentPostprocessing = 0;
		};
		8C6DC4D761C32E3381C6B83E /* Resources */ = {
			isa = PBXResourcesBuildPhase;
			buildActionMask = 2147483647;
			files = (
				AA11BB22CC33DD44EE55FF67 /* Assets.xcassets in Resources */,
			);
			runOnlyForDeploymentPostprocessing = 0;
		};
/* End PBXResourcesBuildPhase section */

/* Begin PBXSourcesBuildPhase section */
		754072FF2639ADB2F5B097D3 /* Sources */ = {
			isa = PBXSourcesBuildPhase;
			buildActionMask = 2147483647;
			files = (
				23584D598AF8BA5D0A7884C6 /* AppEnvironment.swift in Sources */,
				FC1B7DD40033E471D4DB367D /* AppRouter.swift in Sources */,
				53F745CEFA1FBAEA06D31129 /* AppSession.swift in Sources */,
				1121A923DF62D1C3A0CC957F /* APIClient.swift in Sources */,
				64367B4E789502E1F0D3A96C /* APIEndpoint.swift in Sources */,
				62E160E4FA73A35E28A8937C /* APIError.swift in Sources */,
				7989A6B2E5EB8F64056A4315 /* AuthModels.swift in Sources */,
				B4DFBE6805F3A2049E0A5568 /* AuthTokenStore.swift in Sources */,
				7459766B27D48F6CB7B73314 /* Permission.swift in Sources */,
				7459766B27D48F6CB7B73315 /* PermissionPolicy.swift in Sources */,
				BF15C7AE254764B803741FE5 /* EmptyStateView.swift in Sources */,
				298932CE645D642CFB4A1BED /* LoadingStateView.swift in Sources */,
				973E27B3709A66FBC73E2687 /* MetricCard.swift in Sources */,
				832772D23B1A8EFE2C46D6CD /* PrimaryGlassButton.swift in Sources */,
				2348907E1076E46BF025715D /* StatusChip.swift in Sources */,
				6AB94BE3EEC7593213C15AEF /* ViewStyles.swift in Sources */,
				3743C3EA5ECF26B65912C74E /* ZhihuijiTheme.swift in Sources */,
				56FED9A8316B9813DDC5EE39 /* AgentModels.swift in Sources */,
				72CCDA3499A913599555C1E0 /* EntityID.swift in Sources */,
				1B6F8E4F0123456789ABCDEF /* MediaModels.swift in Sources */,
				23E7F9A00123456789ABCDEF /* SyncModels.swift in Sources */,
				26158CE4DF930917C5BF6DC8 /* StoreModels.swift in Sources */,
				D1F0E1A11122334455667788 /* DisplayNames.swift in Sources */,
				04B83644F3DAF87BB0077432 /* AgentChatView.swift in Sources */,
				1ED9E0000000000000000B01 /* AgentWorkbenchView.swift in Sources */,
				1ED9E0000000000000000C01 /* AgentDraftsView.swift in Sources */,
				1ED9E0000000000000000D01 /* AgentTasksView.swift in Sources */,
				9415656DF33AE8E7CF1A6F3F /* AgentViewModel.swift in Sources */,
				C3AE0F0CB81CA2A20260ED41 /* LoginView.swift in Sources */,
				AFF6B1C6985EC2594D35DC50 /* LoginViewModel.swift in Sources */,
				DEADBEEF0000000000000001 /* RegisterView.swift in Sources */,
				0923714E4E9ADEB02D16690D /* SettingsView.swift in Sources */,
				1ED9E0000000000000000E01 /* PlanningOverviewView.swift in Sources */,
				8A9C1B2D0123456789ABCDE2 /* MediaAssetsView.swift in Sources */,
				8A9C1B2D0123456789ABCDEF /* SyncImportView.swift in Sources */,
				42855378403861BDAE28871B /* StaffManagementView.swift in Sources */,
				DEADBEEF0000000000000003 /* RoleAccessView.swift in Sources */,
				688E48D24F08571C5831A95A /* ZhihuijiIOSApp.swift in Sources */,
				1EB763A20821801D38D4C3B8 /* AgentAccessPolicy.swift in Sources */,
				E81206A67FDF4D3DAFA5CCF4 /* SettingsSecurityPolicy.swift in Sources */,
				D9463A6CF98D86DA2F782BCE /* SettingsVisibilityPolicy.swift in Sources */,
				1FC7A4674FC8547B4DDE85B6 /* StaffManagementActionPolicy.swift in Sources */,
			);
			runOnlyForDeploymentPostprocessing = 0;
		};
		90EFC38BBA22AA27DA6B046F /* Sources */ = {
			isa = PBXSourcesBuildPhase;
			buildActionMask = 2147483647;
			files = (
				5B989B799CA833B9AD8B853F /* APIClientTests.swift in Sources */,
				E3A1B2C31234567890ABCDEF /* APIClientSessionTests.swift in Sources */,
				F7A2B3C41234567890ABCDEF /* AppSessionTests.swift in Sources */,
				A1B2C3D41234567890ABCDEF /* LoginViewModelTests.swift in Sources */,
				D54E32737BC79ACA04B7E00E /* AuthPermissionTests.swift in Sources */,
				B1C2D3E41234567890ABCDEF /* PlanningOverviewViewModelTests.swift in Sources */,
				B2C3D4E51234567890ABCDEF /* RolePermissionMatrixTests.swift in Sources */,
				B3C4D5E61234567890ABCDEF /* SettingsVisibilityPolicyTests.swift in Sources */,
				B24D9FB315F6F7E4B5F250AE /* ModelDecodingTests.swift in Sources */,
				C0FFEE120000000000000001 /* MediaAssetsViewModelTests.swift in Sources */,
				C0FFEE120000000000000003 /* SyncImportViewModelTests.swift in Sources */,
				C0FFEE120000000000000011 /* RegisterViewModelTests.swift in Sources */,
				EB2EFB446A0AFB80E8053AFC /* AgentAccessPolicyTests.swift in Sources */,
				90D1CED22AEEB68CFF59789A /* InlinePermissionAuditTests.swift in Sources */,
				5F5DAB6A3999B582E3FB6033 /* SettingsSecurityPolicyTests.swift in Sources */,
				B2EDC34D9BF93DF3F79637D8 /* StaffManagementActionPolicyTests.swift in Sources */,
			);
			runOnlyForDeploymentPostprocessing = 0;
		};
/* End PBXSourcesBuildPhase section */

/* Begin PBXTargetDependency section */
		2389AC7E5C00AE2E8B165EBF /* PBXTargetDependency */ = {
			isa = PBXTargetDependency;
			name = ZhihuijiIOS;
			target = 3BAC780E1446D60AF96C7F75 /* ZhihuijiIOS */;
			targetProxy = 391231A64615F10FEFBD3261 /* PBXContainerItemProxy */;
		};
/* End PBXTargetDependency section */

/* Begin XCBuildConfiguration section */
		07079CD01752BACA258BAE10 /* Release */ = {
			isa = XCBuildConfiguration;
			buildSettings = {
				ALWAYS_SEARCH_USER_PATHS = NO;
				CLANG_ANALYZER_NONNULL = YES;
				CLANG_ANALYZER_NUMBER_OBJECT_CONVERSION = YES_AGGRESSIVE;
				CLANG_CXX_LANGUAGE_STANDARD = "gnu++14";
				CLANG_CXX_LIBRARY = "libc++";
				CLANG_ENABLE_MODULES = YES;
				CLANG_ENABLE_OBJC_ARC = YES;
				CLANG_ENABLE_OBJC_WEAK = YES;
				CLANG_WARN_BLOCK_CAPTURE_AUTORELEASING = YES;
				CLANG_WARN_BOOL_CONVERSION = YES;
				CLANG_WARN_COMMA = YES;
				CLANG_WARN_CONSTANT_CONVERSION = YES;
				CLANG_WARN_DEPRECATED_OBJC_IMPLEMENTATIONS = YES;
				CLANG_WARN_DIRECT_OBJC_ISA_USAGE = YES_ERROR;
				CLANG_WARN_DOCUMENTATION_COMMENTS = YES;
				CLANG_WARN_EMPTY_BODY = YES;
				CLANG_WARN_ENUM_CONVERSION = YES;
				CLANG_WARN_INFINITE_RECURSION = YES;
				CLANG_WARN_INT_CONVERSION = YES;
				CLANG_WARN_NON_LITERAL_NULL_CONVERSION = YES;
				CLANG_WARN_OBJC_IMPLICIT_RETAIN_SELF = YES;
				CLANG_WARN_OBJC_LITERAL_CONVERSION = YES;
				CLANG_WARN_OBJC_ROOT_CLASS = YES_ERROR;
				CLANG_WARN_QUOTED_INCLUDE_IN_FRAMEWORK_HEADER = YES;
				CLANG_WARN_RANGE_LOOP_ANALYSIS = YES;
				CLANG_WARN_STRICT_PROTOTYPES = YES;
				CLANG_WARN_SUSPICIOUS_MOVE = YES;
				CLANG_WARN_UNGUARDED_AVAILABILITY = YES_AGGRESSIVE;
				CLANG_WARN_UNREACHABLE_CODE = YES;
				CLANG_WARN__DUPLICATE_METHOD_MATCH = YES;
				COPY_PHASE_STRIP = NO;
				DEBUG_INFORMATION_FORMAT = "dwarf-with-dsym";
				ENABLE_NS_ASSERTIONS = NO;
				ENABLE_STRICT_OBJC_MSGSEND = YES;
				GCC_C_LANGUAGE_STANDARD = gnu11;
				GCC_NO_COMMON_BLOCKS = YES;
				GCC_WARN_64_TO_32_BIT_CONVERSION = YES;
				GCC_WARN_ABOUT_RETURN_TYPE = YES_ERROR;
				GCC_WARN_UNDECLARED_SELECTOR = YES;
				GCC_WARN_UNINITIALIZED_AUTOS = YES_AGGRESSIVE;
				GCC_WARN_UNUSED_FUNCTION = YES;
				GCC_WARN_UNUSED_VARIABLE = YES;
				MTL_ENABLE_DEBUG_INFO = NO;
				MTL_FAST_MATH = YES;
				PRODUCT_NAME = "$(TARGET_NAME)";
				SWIFT_COMPILATION_MODE = wholemodule;
				SWIFT_OPTIMIZATION_LEVEL = "-O";
				SWIFT_VERSION = 5.0;
			};
			name = Release;
		};
		2B6C1B4DEB8D317A215C8308 /* Debug */ = {
			isa = XCBuildConfiguration;
			buildSettings = {
				ALWAYS_SEARCH_USER_PATHS = NO;
				CLANG_ANALYZER_NONNULL = YES;
				CLANG_ANALYZER_NUMBER_OBJECT_CONVERSION = YES_AGGRESSIVE;
				CLANG_CXX_LANGUAGE_STANDARD = "gnu++14";
				CLANG_CXX_LIBRARY = "libc++";
				CLANG_ENABLE_MODULES = YES;
				CLANG_ENABLE_OBJC_ARC = YES;
				CLANG_ENABLE_OBJC_WEAK = YES;
				CLANG_WARN_BLOCK_CAPTURE_AUTORELEASING = YES;
				CLANG_WARN_BOOL_CONVERSION = YES;
				CLANG_WARN_COMMA = YES;
				CLANG_WARN_CONSTANT_CONVERSION = YES;
				CLANG_WARN_DEPRECATED_OBJC_IMPLEMENTATIONS = YES;
				CLANG_WARN_DIRECT_OBJC_ISA_USAGE = YES_ERROR;
				CLANG_WARN_DOCUMENTATION_COMMENTS = YES;
				CLANG_WARN_EMPTY_BODY = YES;
				CLANG_WARN_ENUM_CONVERSION = YES;
				CLANG_WARN_INFINITE_RECURSION = YES;
				CLANG_WARN_INT_CONVERSION = YES;
				CLANG_WARN_NON_LITERAL_NULL_CONVERSION = YES;
				CLANG_WARN_OBJC_IMPLICIT_RETAIN_SELF = YES;
				CLANG_WARN_OBJC_LITERAL_CONVERSION = YES;
				CLANG_WARN_OBJC_ROOT_CLASS = YES_ERROR;
				CLANG_WARN_QUOTED_INCLUDE_IN_FRAMEWORK_HEADER = YES;
				CLANG_WARN_RANGE_LOOP_ANALYSIS = YES;
				CLANG_WARN_STRICT_PROTOTYPES = YES;
				CLANG_WARN_SUSPICIOUS_MOVE = YES;
				CLANG_WARN_UNGUARDED_AVAILABILITY = YES_AGGRESSIVE;
				CLANG_WARN_UNREACHABLE_CODE = YES;
				CLANG_WARN__DUPLICATE_METHOD_MATCH = YES;
				COPY_PHASE_STRIP = NO;
				DEBUG_INFORMATION_FORMAT = dwarf;
				ENABLE_STRICT_OBJC_MSGSEND = YES;
				ENABLE_TESTABILITY = YES;
				GCC_C_LANGUAGE_STANDARD = gnu11;
				GCC_DYNAMIC_NO_PIC = NO;
				GCC_NO_COMMON_BLOCKS = YES;
				GCC_OPTIMIZATION_LEVEL = 0;
				GCC_PREPROCESSOR_DEFINITIONS = (
					"DEBUG=1",
					"$(inherited)",
				);
				GCC_WARN_64_TO_32_BIT_CONVERSION = YES;
				GCC_WARN_ABOUT_RETURN_TYPE = YES_ERROR;
				GCC_WARN_UNDECLARED_SELECTOR = YES;
				GCC_WARN_UNINITIALIZED_AUTOS = YES_AGGRESSIVE;
				GCC_WARN_UNUSED_FUNCTION = YES;
				GCC_WARN_UNUSED_VARIABLE = YES;
				MTL_ENABLE_DEBUG_INFO = INCLUDE_SOURCE;
				MTL_FAST_MATH = YES;
				ONLY_ACTIVE_ARCH = YES;
				PRODUCT_NAME = "$(TARGET_NAME)";
				SWIFT_ACTIVE_COMPILATION_CONDITIONS = DEBUG;
				SWIFT_OPTIMIZATION_LEVEL = "-Onone";
				SWIFT_VERSION = 5.0;
			};
			name = Debug;
		};
		3EB956CFE1F19028FCE5CE8B /* Debug */ = {
			isa = XCBuildConfiguration;
			buildSettings = {
				BUNDLE_LOADER = "$(TEST_HOST)";
				CLANG_ENABLE_OBJC_WEAK = NO;
				CODE_SIGNING_ALLOWED = NO;
				CODE_SIGNING_REQUIRED = NO;
				CODE_SIGN_IDENTITY = "";
				DEVELOPMENT_TEAM = "";
				GENERATE_INFOPLIST_FILE = YES;
				IPHONEOS_DEPLOYMENT_TARGET = 17.0;
				LD_RUNPATH_SEARCH_PATHS = "$(inherited) @executable_path/Frameworks @loader_path/Frameworks";
				PRODUCT_BUNDLE_IDENTIFIER = com.sxyq27.ZhihuijiIOSTests;
				PRODUCT_NAME = "$(TARGET_NAME)";
				SDKROOT = iphoneos;
				SUPPORTED_PLATFORMS = "iphonesimulator iphoneos";
				SWIFT_EMIT_LOC_STRINGS = NO;
				SWIFT_VERSION = 5.0;
				TARGETED_DEVICE_FAMILY = "1,2";
				TEST_HOST = "$(BUILT_PRODUCTS_DIR)/ZhihuijiIOS.app/ZhihuijiIOS";
			};
			name = Debug;
		};
		7EB434FAC6C0A6C2B89AF668 /* Release */ = {
			isa = XCBuildConfiguration;
			buildSettings = {
				ASSETCATALOG_COMPILER_APPICON_NAME = AppIcon;
				ASSETCATALOG_COMPILER_GLOBAL_ACCENT_COLOR_NAME = AccentColor;
				CLANG_ENABLE_OBJC_WEAK = NO;
				CODE_SIGNING_ALLOWED = NO;
				CODE_SIGNING_REQUIRED = NO;
				CODE_SIGN_IDENTITY = "";
				DEVELOPMENT_TEAM = "";
				GENERATE_INFOPLIST_FILE = YES;
				INFOPLIST_KEY_CFBundleDisplayName = "智慧记";
				INFOPLIST_KEY_NSCameraUsageDescription = "需要使用相机扫描商品条码以自动识别编码";
				INFOPLIST_KEY_UIApplicationSceneManifest_Generation = YES;
				INFOPLIST_KEY_UIApplicationSupportsIndirectInputEvents = YES;
				INFOPLIST_KEY_UILaunchScreen_Generation = YES;
				IPHONEOS_DEPLOYMENT_TARGET = 17.0;
				LD_RUNPATH_SEARCH_PATHS = "$(inherited) @executable_path/Frameworks";
				PRODUCT_BUNDLE_IDENTIFIER = com.sxyq27.ZhihuijiIOS;
				PRODUCT_NAME = "$(TARGET_NAME)";
				SDKROOT = iphoneos;
				SUPPORTED_PLATFORMS = "iphonesimulator iphoneos";
				SWIFT_EMIT_LOC_STRINGS = NO;
				SWIFT_VERSION = 5.0;
				TARGETED_DEVICE_FAMILY = "1,2";
				VALIDATE_PRODUCT = YES;
			};
			name = Release;
		};
		BACB7156DF19BF414DC3C4A6 /* Release */ = {
			isa = XCBuildConfiguration;
			buildSettings = {
				BUNDLE_LOADER = "$(TEST_HOST)";
				CLANG_ENABLE_OBJC_WEAK = NO;
				CODE_SIGNING_ALLOWED = NO;
				CODE_SIGNING_REQUIRED = NO;
				CODE_SIGN_IDENTITY = "";
				DEVELOPMENT_TEAM = "";
				GENERATE_INFOPLIST_FILE = YES;
				IPHONEOS_DEPLOYMENT_TARGET = 17.0;
				LD_RUNPATH_SEARCH_PATHS = "$(inherited) @executable_path/Frameworks @loader_path/Frameworks";
				PRODUCT_BUNDLE_IDENTIFIER = com.sxyq27.ZhihuijiIOSTests;
				PRODUCT_NAME = "$(TARGET_NAME)";
				SDKROOT = iphoneos;
				SUPPORTED_PLATFORMS = "iphonesimulator iphoneos";
				SWIFT_EMIT_LOC_STRINGS = NO;
				SWIFT_VERSION = 5.0;
				TARGETED_DEVICE_FAMILY = "1,2";
				TEST_HOST = "$(BUILT_PRODUCTS_DIR)/ZhihuijiIOS.app/ZhihuijiIOS";
				VALIDATE_PRODUCT = YES;
			};
			name = Release;
		};
		CB114A2274454FFBFB2F0886 /* Debug */ = {
			isa = XCBuildConfiguration;
			buildSettings = {
				ASSETCATALOG_COMPILER_APPICON_NAME = AppIcon;
				ASSETCATALOG_COMPILER_GLOBAL_ACCENT_COLOR_NAME = AccentColor;
				CLANG_ENABLE_OBJC_WEAK = NO;
				CODE_SIGNING_ALLOWED = NO;
				CODE_SIGNING_REQUIRED = NO;
				CODE_SIGN_IDENTITY = "";
				DEVELOPMENT_TEAM = "";
				GENERATE_INFOPLIST_FILE = YES;
				INFOPLIST_KEY_CFBundleDisplayName = "智慧记";
				INFOPLIST_KEY_NSCameraUsageDescription = "需要使用相机扫描商品条码以自动识别编码";
				INFOPLIST_KEY_UIApplicationSceneManifest_Generation = YES;
				INFOPLIST_KEY_UIApplicationSupportsIndirectInputEvents = YES;
				INFOPLIST_KEY_UILaunchScreen_Generation = YES;
				IPHONEOS_DEPLOYMENT_TARGET = 17.0;
				LD_RUNPATH_SEARCH_PATHS = "$(inherited) @executable_path/Frameworks";
				PRODUCT_BUNDLE_IDENTIFIER = com.sxyq27.ZhihuijiIOS;
				PRODUCT_NAME = "$(TARGET_NAME)";
				SDKROOT = iphoneos;
				SUPPORTED_PLATFORMS = "iphonesimulator iphoneos";
				SWIFT_EMIT_LOC_STRINGS = NO;
				SWIFT_VERSION = 5.0;
				TARGETED_DEVICE_FAMILY = "1,2";
			};
			name = Debug;
		};
/* End XCBuildConfiguration section */

/* Begin XCConfigurationList section */
		10B1A77994D522BCC44DE157 /* Build configuration list for PBXProject "ZhihuijiIOS" */ = {
			isa = XCConfigurationList;
			buildConfigurations = (
				2B6C1B4DEB8D317A215C8308 /* Debug */,
				07079CD01752BACA258BAE10 /* Release */,
			);
			defaultConfigurationIsVisible = 0;
			defaultConfigurationName = Release;
		};
		5A0BF168371A386D84E3BCAB /* Build configuration list for PBXNativeTarget "ZhihuijiIOS" */ = {
			isa = XCConfigurationList;
			buildConfigurations = (
				7EB434FAC6C0A6C2B89AF668 /* Release */,
				CB114A2274454FFBFB2F0886 /* Debug */,
			);
			defaultConfigurationIsVisible = 0;
			defaultConfigurationName = Release;
		};
		B6913541511AEAE0FBA71FAC /* Build configuration list for PBXNativeTarget "ZhihuijiIOSTests" */ = {
			isa = XCConfigurationList;
			buildConfigurations = (
				BACB7156DF19BF414DC3C4A6 /* Release */,
				3EB956CFE1F19028FCE5CE8B /* Debug */,
			);
			defaultConfigurationIsVisible = 0;
			defaultConfigurationName = Release;
		};
/* End XCConfigurationList section */
	};
	rootObject = AEA7AEDB20EA8193C4BC27BE /* Project object */;
}
